// !$*UTF8*$!
{
	archiveVersion = 1;
	classes = {
	};
	objectVersion = 50;
	objects = {

/* Begin PBXBuildFile section */
		DB1DEC0B2446D2E900BBC865 /* AppDelegate.swift in Sources */ = {isa = PBXBuildFile; fileRef = DB1DEC0A2446D2E900BBC865 /* AppDelegate.swift */; };
		DB1DEC0D2446D2E900BBC865 /* GameScene.sks in Resources */ = {isa = PBXBuildFile; fileRef = DB1DEC0C2446D2E900BBC865 /* GameScene.sks */; };
		DB1DEC0F2446D2E900BBC865 /* Actions.sks in Resources */ = {isa = PBXBuildFile; fileRef = DB1DEC0E2446D2E900BBC865 /* Actions.sks */; };
		DB1DEC112446D2E900BBC865 /* GameScene.swift in Sources */ = {isa = PBXBuildFile; fileRef = DB1DEC102446D2E900BBC865 /* GameScene.swift */; };
		DB1DEC132446D2E900BBC865 /* GameViewController.swift in Sources */ = {isa = PBXBuildFile; fileRef = DB1DEC122446D2E900BBC865 /* GameViewController.swift */; };
		DB1DEC162446D2E900BBC865 /* Main.storyboard in Resources */ = {isa = PBXBuildFile; fileRef = DB1DEC142446D2E900BBC865 /* Main.storyboard */; };
		DB1DEC182446D2EA00BBC865 /* Assets.xcassets in Resources */ = {isa = PBXBuildFile; fileRef = DB1DEC172446D2EA00BBC865 /* Assets.xcassets */; };
		DB1DEC1B2446D2EA00BBC865 /* LaunchScreen.storyboard in Resources */ = {isa = PBXBuildFile; fileRef = DB1DEC192446D2EA00BBC865 /* LaunchScreen.storyboard */; };
		DB1DEC232446D30B00BBC865 /* db.atlas in Resources */ = {isa = PBXBuildFile; fileRef = DB1DEC222446D30B00BBC865 /* db.atlas */; };
		DB1DEC252446D32500BBC865 /* oh_no.mp3 in Resources */ = {isa = PBXBuildFile; fileRef = DB1DEC242446D32500BBC865 /* oh_no.mp3 */; };
		DB1DEC272446D36000BBC865 /* whistle.mp3 in Resources */ = {isa = PBXBuildFile; fileRef = DB1DEC262446D36000BBC865 /* whistle.mp3 */; };
		DB1DEC292446D4D900BBC865 /* EPoint.swift in Sources */ = {isa = PBXBuildFile; fileRef = DB1DEC282446D4D900BBC865 /* EPoint.swift */; };
		DB1DEC2B2446D5AE00BBC865 /* PointContainer.swift in Sources */ = {isa = PBXBuildFile; fileRef = DB1DEC2A2446D5AE00BBC865 /* PointContainer.swift */; };
		DB1DEC2D2446DCE600BBC865 /* Cat.swift in Sources */ = {isa = PBXBuildFile; fileRef = DB1DEC2C2446DCE600BBC865 /* Cat.swift */; };
/* End PBXBuildFile section */

/* Begin PBXFileReference section */
		DB1DEC072446D2E900BBC865 /* spritekit_cat.app */ = {isa = PBXFileReference; explicitFileType = wrapper.application; includeInIndex = 0; path = spritekit_cat.app; sourceTree = BUILT_PRODUCTS_DIR; };
		DB1DEC0A2446D2E900BBC865 /* AppDelegate.swift */ = {isa = PBXFileReference; lastKnownFileType = sourcecode.swift; path = AppDelegate.swift; sourceTree = "<group>"; };
		DB1DEC0C2446D2E900BBC865 /* GameScene.sks */ = {isa = PBXFileReference; lastKnownFileType = file.sks; path = GameScene.sks; sourceTree = "<group>"; };
		DB1DEC0E2446D2E900BBC865 /* Actions.sks */ = {isa = PBXFileReference; lastKnownFileType = file.sks; path = Actions.sks; sourceTree = "<group>"; };
		DB1DEC102446D2E900BBC865 /* GameScene.swift */ = {isa = PBXFileReference; lastKnownFileType = sourcecode.swift; path = GameScene.swift; sourceTree = "<group>"; };
		DB1DEC122446D2E900BBC865 /* GameViewController.swift */ = {isa = PBXFileReference; lastKnownFileType = sourcecode.swift; path = GameViewController.swift; sourceTree = "<group>"; };
		DB1DEC152446D2E900BBC865 /* Base */ = {isa = PBXFileReference; lastKnownFileType = file.storyboard; name = Base; path = Base.lproj/Main.storyboard; sourceTree = "<group>"; };
		DB1DEC172446D2EA00BBC865 /* Assets.xcassets */ = {isa = PBXFileReference; lastKnownFileType = folder.assetcatalog; path = Assets.xcassets; sourceTree = "<group>"; };
		DB1DEC1A2446D2EA00BBC865 /* Base */ = {isa = PBXFileReference; lastKnownFileType = file.storyboard; name = Base; path = Base.lproj/LaunchScreen.storyboard; sourceTree = "<group>"; };
		DB1DEC1C2446D2EA00BBC865 /* Info.plist */ = {isa = PBXFileReference; lastKnownFileType = text.plist.xml; path = Info.plist; sourceTree = "<group>"; };
		DB1DEC222446D30B00BBC865 /* db.atlas */ = {isa = PBXFileReference; lastKnownFileType = folder.skatlas; path = db.atlas; sourceTree = "<group>"; };
		DB1DEC242446D32500BBC865 /* oh_no.mp3 */ = {isa = PBXFileReference; lastKnownFileType = audio.mp3; path = oh_no.mp3; sourceTree = "<group>"; };
		DB1DEC262446D36000BBC865 /* whistle.mp3 */ = {isa = PBXFileReference; lastKnownFileType = audio.mp3; path = whistle.mp3; sourceTree = "<group>"; };
		DB1DEC282446D4D900BBC865 /* EPoint.swift */ = {isa = PBXFileReference; lastKnownFileType = sourcecode.swift; path = EPoint.swift; sourceTree = "<group>"; };
		DB1DEC2A2446D5AE00BBC865 /* PointContainer.swift */ = {isa = PBXFileReference; lastKnownFileType = sourcecode.swift; path = PointContainer.swift; sourceTree = "<group>"; };
		DB1DEC2C2446DCE600BBC865 /* Cat.swift */ = {isa = PBXFileReference; lastKnownFileType = sourcecode.swift; path = Cat.swift; sourceTree = "<group>"; };
/* End PBXFileReference section */

/* Begin PBXFrameworksBuildPhase section */
		DB1DEC042446D2E900BBC865 /* Frameworks */ = {
			isa = PBXFrameworksBuildPhase;
			buildActionMask = 2147483647;
			files = (
			);
			runOnlyForDeploymentPostprocessing = 0;
		};
/* End PBXFrameworksBuildPhase section */

/* Begin PBXGroup section */
		DB1DEBFE2446D2E900BBC865 = {
			isa = PBXGroup;
			children = (
				DB1DEC092446D2E900BBC865 /* spritekit_cat */,
				DB1DEC082446D2E900BBC865 /* Products */,
			);
			sourceTree = "<group>";
		};
		DB1DEC082446D2E900BBC865 /* Products */ = {
			isa = PBXGroup;
			children = (
				DB1DEC072446D2E900BBC865 /* spritekit_cat.app */,
			);
			name = Products;
			sourceTree = "<group>";
		};
		DB1DEC092446D2E900BBC865 /* spritekit_cat */ = {
			isa = PBXGroup;
			children = (
				DB1DEC0A2446D2E900BBC865 /* AppDelegate.swift */,
				DB1DEC0C2446D2E900BBC865 /* GameScene.sks */,
				DB1DEC0E2446D2E900BBC865 /* Actions.sks */,
				DB1DEC102446D2E900BBC865 /* GameScene.swift */,
				DB1DEC122446D2E900BBC865 /* GameViewController.swift */,
				DB1DEC142446D2E900BBC865 /* Main.storyboard */,
				DB1DEC172446D2EA00BBC865 /* Assets.xcassets */,
				DB1DEC242446D32500BBC865 /* oh_no.mp3 */,
				DB1DEC192446D2EA00BBC865 /* LaunchScreen.storyboard */,
				DB1DEC262446D36000BBC865 /* whistle.mp3 */,
				DB1DEC222446D30B00BBC865 /* db.atlas */,
				DB1DEC1C2446D2EA00BBC865 /* Info.plist */,
				DB1DEC282446D4D900BBC865 /* EPoint.swift */,
				DB1DEC2A2446D5AE00BBC865 /* PointContainer.swift */,
				DB1DEC2C2446DCE600BBC865 /* Cat.swift */,
			);
			path = spritekit_cat;
			sourceTree = "<group>";
		};
/* End PBXGroup section */

/* Begin PBXNativeTarget section */
		DB1DEC062446D2E900BBC865 /* spritekit_cat */ = {
			isa = PBXNativeTarget;
			buildConfigurationList = DB1DEC1F2446D2EA00BBC865 /* Build configuration list for PBXNativeTarget "spritekit_cat" */;
			buildPhases = (
				DB1DEC032446D2E900BBC865 /* Sources */,
				DB1DEC042446D2E900BBC865 /* Frameworks */,
				DB1DEC052446D2E900BBC865 /* Resources */,
			);
			buildRules = (
			);
			dependencies = (
			);
			name = spritekit_cat;
			productName = spritekit_cat;
			productReference = DB1DEC072446D2E900BBC865 /* spritekit_cat.app */;
			productType = "com.apple.product-type.application";
		};
/* End PBXNativeTarget section */

/* Begin PBXProject section */
		DB1DEBFF2446D2E900BBC865 /* Project object */ = {
			isa = PBXProject;
			attributes = {
				LastSwiftUpdateCheck = 1130;
				LastUpgradeCheck = 1130;
				ORGANIZATIONNAME = mac23;
				TargetAttributes = {
					DB1DEC062446D2E900BBC865 = {
						CreatedOnToolsVersion = 11.3.1;
					};
				};
			};
			buildConfigurationList = DB1DEC022446D2E900BBC865 /* Build configuration list for PBXProject "spritekit_cat" */;
			compatibilityVersion = "Xcode 9.3";
			developmentRegion = en;
			hasScannedForEncodings = 0;
			knownRegions = (
				en,
				Base,
			);
			mainGroup = DB1DEBFE2446D2E900BBC865;
			productRefGroup = DB1DEC082446D2E900BBC865 /* Products */;
			projectDirPath = "";
			projectRoot = "";
			targets = (
				DB1DEC062446D2E900BBC865 /* spritekit_cat */,
			);
		};
/* End PBXProject section */

/* Begin PBXResourcesBuildPhase section */
		DB1DEC052446D2E900BBC865 /* Resources */ = {
			isa = PBXResourcesBuildPhase;
			buildActionMask = 2147483647;
			files = (
				DB1DEC162446D2E900BBC865 /* Main.storyboard in Resources */,
				DB1DEC272446D36000BBC865 /* whistle.mp3 in Resources */,
				DB1DEC0D2446D2E900BBC865 /* GameScene.sks in Resources */,
				DB1DEC182446D2EA00BBC865 /* Assets.xcassets in Resources */,
				DB1DEC232446D30B00BBC865 /* db.atlas in Resources */,
				DB1DEC1B2446D2EA00BBC865 /* LaunchScreen.storyboard in Resources */,
				DB1DEC252446D32500BBC865 /* oh_no.mp3 in Resources */,
				DB1DEC0F2446D2E900BBC865 /* Actions.sks in Resources */,
			);
			runOnlyForDeploymentPostprocessing = 0;
		};
/* End PBXResourcesBuildPhase section */

/* Begin PBXSourcesBuildPhase section */
		DB1DEC032446D2E900BBC865 /* Sources */ = {
			isa = PBXSourcesBuildPhase;
			buildActionMask = 2147483647;
			files = (
				DB1DEC112446D2E900BBC865 /* GameScene.swift in Sources */,
				DB1DEC132446D2E900BBC865 /* GameViewController.swift in Sources */,
				DB1DEC2D2446DCE600BBC865 /* Cat.swift in Sources */,
				DB1DEC292446D4D900BBC865 /* EPoint.swift in Sources */,
				DB1DEC2B2446D5AE00BBC865 /* PointContainer.swift in Sources */,
				DB1DEC0B2446D2E900BBC865 /* AppDelegate.swift in Sources */,
			);
			runOnlyForDeploymentPostprocessing = 0;
		};
/* End PBXSourcesBuildPhase section */

/* Begin PBXVariantGroup section */
		DB1DEC142446D2E900BBC865 /* Main.storyboard */ = {
			isa = PBXVariantGroup;
			children = (
				DB1DEC152446D2E900BBC865 /* Base */,
			);
			name = Main.storyboard;
			sourceTree = "<group>";
		};
		DB1DEC192446D2EA00BBC865 /* LaunchScreen.storyboard */ = {
			isa = PBXVariantGroup;
			children = (
				DB1DEC1A2446D2EA00BBC865 /* Base */,
			);
			name = LaunchScreen.storyboard;
			sourceTree = "<group>";
		};
/* End PBXVariantGroup section */

/* Begin XCBuildConfiguration section */
		DB1DEC1D2446D2EA00BBC865 /* Debug */ = {
			isa = XCBuildConfiguration;
			buildSettings = {
				ALWAYS_SEARCH_USER_PATHS = NO;
				CLANG_ANALYZER_NONNULL = YES;
				CLANG_ANALYZER_NUMBER_OBJECT_CONVERSION = YES_AGGRESSIVE;
				CLANG_CXX_LANGUAGE_STANDARD = "gnu++14";
				CLANG_CXX_LIBRARY = "libc++";
				CLANG_ENABLE_MODULES = YES;
				CLANG_ENABLE_OBJC_ARC = YES;
				CLANG_ENABLE_OBJC_WEAK = YES;
				CLANG_WARN_BLOCK_CAPTURE_AUTORELEASING = YES;
				CLANG_WARN_BOOL_CONVERSION = YES;
				CLANG_WARN_COMMA = YES;
				CLANG_WARN_CONSTANT_CONVERSION = YES;
				CLANG_WARN_DEPRECATED_OBJC_IMPLEMENTATIONS = YES;
				CLANG_WARN_DIRECT_OBJC_ISA_USAGE = YES_ERROR;
				CLANG_WARN_DOCUMENTATION_COMMENTS = YES;
				CLANG_WARN_EMPTY_BODY = YES;
				CLANG_WARN_ENUM_CONVERSION = YES;
				CLANG_WARN_INFINITE_RECURSION = YES;
				CLANG_WARN_INT_CONVERSION = YES;
				CLANG_WARN_NON_LITERAL_NULL_CONVERSION = YES;
				CLANG_WARN_OBJC_IMPLICIT_RETAIN_SELF = YES;
				CLANG_WARN_OBJC_LITERAL_CONVERSION = YES;
				CLANG_WARN_OBJC_ROOT_CLASS = YES_ERROR;
				CLANG_WARN_RANGE_LOOP_ANALYSIS = YES;
				CLANG_WARN_STRICT_PROTOTYPES = YES;
				CLANG_WARN_SUSPICIOUS_MOVE = YES;
				CLANG_WARN_UNGUARDED_AVAILABILITY = YES_AGGRESSIVE;
				CLANG_WARN_UNREACHABLE_CODE = YES;
				CLANG_WARN__DUPLICATE_METHOD_MATCH = YES;
				COPY_PHASE_STRIP = NO;
				DEBUG_INFORMATION_FORMAT = dwarf;
				ENABLE_STRICT_OBJC_MSGSEND = YES;
				ENABLE_TESTABILITY = YES;
				GCC_C_LANGUAGE_STANDARD = gnu11;
				GCC_DYNAMIC_NO_PIC = NO;
				GCC_NO_COMMON_BLOCKS = YES;
				GCC_OPTIMIZATION_LEVEL = 0;
				GCC_PREPROCESSOR_DEFINITIONS = (
					"DEBUG=1",
					"$(inherited)",
				);
				GCC_WARN_64_TO_32_BIT_CONVERSION = YES;
				GCC_WARN_ABOUT_RETURN_TYPE = YES_ERROR;
				GCC_WARN_UNDECLARED_SELECTOR = YES;
				GCC_WARN_UNINITIALIZED_AUTOS = YES_AGGRESSIVE;
				GCC_WARN_UNUSED_FUNCTION = YES;
				GCC_WARN_UNUSED_VARIABLE = YES;
				IPHONEOS_DEPLOYMENT_TARGET = 13.2;
				MTL_ENABLE_DEBUG_INFO = INCLUDE_SOURCE;
				MTL_FAST_MATH = YES;
				ONLY_ACTIVE_ARCH = YES;
				SDKROOT = iphoneos;
				SWIFT_ACTIVE_COMPILATION_CONDITIONS = DEBUG;
				SWIFT_OPTIMIZATION_LEVEL = "-Onone";
			};
			name = Debug;
		};
		DB1DEC1E2446D2EA00BBC865 /* Release */ = {
			isa = XCBuildConfiguration;
			buildSettings = {
				ALWAYS_SEARCH_USER_PATHS = NO;
				CLANG_ANALYZER_NONNULL = YES;
				CLANG_ANALYZER_NUMBER_OBJECT_CONVERSION = YES_AGGRESSIVE;
				CLANG_CXX_LANGUAGE_STANDARD = "gnu++14";
				CLANG_CXX_LIBRARY = "libc++";
				CLANG_ENABLE_MODULES = YES;
				CLANG_ENABLE_OBJC_ARC = YES;
				CLANG_ENABLE_OBJC_WEAK = YES;
				CLANG_WARN_BLOCK_CAPTURE_AUTORELEASING = YES;
				CLANG_WARN_BOOL_CONVERSION = YES;
				CLANG_WARN_COMMA = YES;
				CLANG_WARN_CONSTANT_CONVERSION = YES;
				CLANG_WARN_DEPRECATED_OBJC_IMPLEMENTATIONS = YES;
				CLANG_WARN_DIRECT_OBJC_ISA_USAGE = YES_ERROR;
				CLANG_WARN_DOCUMENTATION_COMMENTS = YES;
				CLANG_WARN_EMPTY_BODY = YES;
				CLANG_WARN_ENUM_CONVERSION = YES;
				CLANG_WARN_INFINITE_RECURSION = YES;
				CLANG_WARN_INT_CONVERSION = YES;
				CLANG_WARN_NON_LITERAL_NULL_CONVERSION = YES;
				CLANG_WARN_OBJC_IMPLICIT_RETAIN_SELF = YES;
				CLANG_WARN_OBJC_LITERAL_CONVERSION = YES;
				CLANG_WARN_OBJC_ROOT_CLASS = YES_ERROR;
				CLANG_WARN_RANGE_LOOP_ANALYSIS = YES;
				CLANG_WARN_STRICT_PROTOTYPES = YES;
				CLANG_WARN_SUSPICIOUS_MOVE = YES;
				CLANG_WARN_UNGUARDED_AVAILABILITY = YES_AGGRESSIVE;
				CLANG_WARN_UNREACHABLE_CODE = YES;
				CLANG_WARN__DUPLICATE_METHOD_MATCH = YES;
				COPY_PHASE_STRIP = NO;
				DEBUG_INFORMATION_FORMAT = "dwarf-with-dsym";
				ENABLE_NS_ASSERTIONS = NO;
				ENABLE_STRICT_OBJC_MSGSEND = YES;
				GCC_C_LANGUAGE_STANDARD = gnu11;
				GCC_NO_COMMON_BLOCKS = YES;
				GCC_WARN_64_TO_32_BIT_CONVERSION = YES;
				GCC_WARN_ABOUT_RETURN_TYPE = YES_ERROR;
				GCC_WARN_UNDECLARED_SELECTOR = YES;
				GCC_WARN_UNINITIALIZED_AUTOS = YES_AGGRESSIVE;
				GCC_WARN_UNUSED_FUNCTION = YES;
				GCC_WARN_UNUSED_VARIABLE = YES;
				IPHONEOS_DEPLOYMENT_TARGET = 13.2;
				MTL_ENABLE_DEBUG_INFO = NO;
				MTL_FAST_MATH = YES;
				SDKROOT = iphoneos;
				SWIFT_COMPILATION_MODE = wholemodule;
				SWIFT_OPTIMIZATION_LEVEL = "-O";
				VALIDATE_PRODUCT = YES;
			};
			name = Release;
		};
		DB1DEC202446D2EA00BBC865 /* Debug */ = {
			isa = XCBuildConfiguration;
			buildSettings = {
				ASSETCATALOG_COMPILER_APPICON_NAME = AppIcon;
				CODE_SIGN_STYLE = Automatic;
				DEVELOPMENT_TEAM = EWKZX8YTGG;
				INFOPLIST_FILE = spritekit_cat/Info.plist;
				LD_RUNPATH_SEARCH_PATHS = (
					"$(inherited)",
					"@executable_path/Frameworks",
				);
				PRODUCT_BUNDLE_IDENTIFIER = "mac23.spritekit-cat";
				PRODUCT_NAME = "$(TARGET_NAME)";
				SWIFT_VERSION = 5.0;
				TARGETED_DEVICE_FAMILY = "1,2";
			};
			name = Debug;
		};
		DB1DEC212446D2EA00BBC865 /* Release */ = {
			isa = XCBuildConfiguration;
			buildSettings = {
				ASSETCATALOG_COMPILER_APPICON_NAME = AppIcon;
				CODE_SIGN_STYLE = Automatic;
				DEVELOPMENT_TEAM = EWKZX8YTGG;
				INFOPLIST_FILE = spritekit_cat/Info.plist;
				LD_RUNPATH_SEARCH_PATHS = (
					"$(inherited)",
					"@executable_path/Frameworks",
				);
				PRODUCT_BUNDLE_IDENTIFIER = "mac23.spritekit-cat";
				PRODUCT_NAME = "$(TARGET_NAME)";
				SWIFT_VERSION = 5.0;
				TARGETED_DEVICE_FAMILY = "1,2";
			};
			name = Release;
		};
/* End XCBuildConfiguration section */

/* Begin XCConfigurationList section */
		DB1DEC022446D2E900BBC865 /* Build configuration list for PBXProject "spritekit_cat" */ = {
			isa = XCConfigurationList;
			buildConfigurations = (
				DB1DEC1D2446D2EA00BBC865 /* Debug */,
				DB1DEC1E2446D2EA00BBC865 /* Release */,
			);
			defaultConfigurationIsVisible = 0;
			defaultConfigurationName = Release;
		};
		DB1DEC1F2446D2EA00BBC865 /* Build configuration list for PBXNativeTarget "spritekit_cat" */ = {
			isa = XCConfigurationList;
			buildConfigurations = (
				DB1DEC202446D2EA00BBC865 /* Debug */,
				DB1DEC212446D2EA00BBC865 /* Release */,
			);
			defaultConfigurationIsVisible = 0;
			defaultConfigurationName = Release;
		};
/* End XCConfigurationList section */
	};
	rootObject = DB1DEBFF2446D2E900BBC865 /* Project object */;
}
