// !$*UTF8*$!
{
	archiveVersion = 1;
	classes = {
	};
	objectVersion = 50;
	objects = {

/* Begin PBXBuildFile section */
		DBC813922463CF2A00E37814 /* AppDelegate.swift in Sources */ = {isa = PBXBuildFile; fileRef = DBC813912463CF2A00E37814 /* AppDelegate.swift */; };
		DBC813942463CF2A00E37814 /* SceneDelegate.swift in Sources */ = {isa = PBXBuildFile; fileRef = DBC813932463CF2A00E37814 /* SceneDelegate.swift */; };
		DBC813962463CF2A00E37814 /* ViewController.swift in Sources */ = {isa = PBXBuildFile; fileRef = DBC813952463CF2A00E37814 /* ViewController.swift */; };
		DBC813992463CF2A00E37814 /* Main.storyboard in Resources */ = {isa = PBXBuildFile; fileRef = DBC813972463CF2A00E37814 /* Main.storyboard */; };
		DBC8139B2463CF2A00E37814 /* Assets.xcassets in Resources */ = {isa = PBXBuildFile; fileRef = DBC8139A2463CF2A00E37814 /* Assets.xcassets */; };
		DBC8139E2463CF2A00E37814 /* LaunchScreen.storyboard in Resources */ = {isa = PBXBuildFile; fileRef = DBC8139C2463CF2A00E37814 /* LaunchScreen.storyboard */; };
		DBC813A82463D0B900E37814 /* CaptainMarvel.mp4 in Resources */ = {isa = PBXBuildFile; fileRef = DBC813A52463D0B900E37814 /* CaptainMarvel.mp4 */; };
		DBC813A92463D0B900E37814 /* Wreck-ItRalph.mp4 in Resources */ = {isa = PBXBuildFile; fileRef = DBC813A62463D0B900E37814 /* Wreck-ItRalph.mp4 */; };
		DBC813AA2463D0B900E37814 /* TheFastAndTheFurious.mp4 in Resources */ = {isa = PBXBuildFile; fileRef = DBC813A72463D0B900E37814 /* TheFastAndTheFurious.mp4 */; };
/* End PBXBuildFile section */

/* Begin PBXFileReference section */
		DBC8138E2463CF2A00E37814 /* videoPlayer.app */ = {isa = PBXFileReference; explicitFileType = wrapper.application; includeInIndex = 0; path = videoPlayer.app; sourceTree = BUILT_PRODUCTS_DIR; };
		DBC813912463CF2A00E37814 /* AppDelegate.swift */ = {isa = PBXFileReference; lastKnownFileType = sourcecode.swift; path = AppDelegate.swift; sourceTree = "<group>"; };
		DBC813932463CF2A00E37814 /* SceneDelegate.swift */ = {isa = PBXFileReference; lastKnownFileType = sourcecode.swift; path = SceneDelegate.swift; sourceTree = "<group>"; };
		DBC813952463CF2A00E37814 /* ViewController.swift */ = {isa = PBXFileReference; lastKnownFileType = sourcecode.swift; path = ViewController.swift; sourceTree = "<group>"; };
		DBC813982463CF2A00E37814 /* Base */ = {isa = PBXFileReference; lastKnownFileType = file.storyboard; name = Base; path = Base.lproj/Main.storyboard; sourceTree = "<group>"; };
		DBC8139A2463CF2A00E37814 /* Assets.xcassets */ = {isa = PBXFileReference; lastKnownFileType = folder.assetcatalog; path = Assets.xcassets; sourceTree = "<group>"; };
		DBC8139D2463CF2A00E37814 /* Base */ = {isa = PBXFileReference; lastKnownFileType = file.storyboard; name = Base; path = Base.lproj/LaunchScreen.storyboard; sourceTree = "<group>"; };
		DBC8139F2463CF2A00E37814 /* Info.plist */ = {isa = PBXFileReference; lastKnownFileType = text.plist.xml; path = Info.plist; sourceTree = "<group>"; };
		DBC813A52463D0B900E37814 /* CaptainMarvel.mp4 */ = {isa = PBXFileReference; lastKnownFileType = file; path = CaptainMarvel.mp4; sourceTree = "<group>"; };
		DBC813A62463D0B900E37814 /* Wreck-ItRalph.mp4 */ = {isa = PBXFileReference; lastKnownFileType = file; path = "Wreck-ItRalph.mp4"; sourceTree = "<group>"; };
		DBC813A72463D0B900E37814 /* TheFastAndTheFurious.mp4 */ = {isa = PBXFileReference; lastKnownFileType = file; path = TheFastAndTheFurious.mp4; sourceTree = "<group>"; };
/* End PBXFileReference section */

/* Begin PBXFrameworksBuildPhase section */
		DBC8138B2463CF2A00E37814 /* Frameworks */ = {
			isa = PBXFrameworksBuildPhase;
			buildActionMask = 2147483647;
			files = (
			);
			runOnlyForDeploymentPostprocessing = 0;
		};
/* End PBXFrameworksBuildPhase section */

/* Begin PBXGroup section */
		DBC813852463CF2A00E37814 = {
			isa = PBXGroup;
			children = (
				DBC813902463CF2A00E37814 /* videoPlayer */,
				DBC8138F2463CF2A00E37814 /* Products */,
			);
			sourceTree = "<group>";
		};
		DBC8138F2463CF2A00E37814 /* Products */ = {
			isa = PBXGroup;
			children = (
				DBC8138E2463CF2A00E37814 /* videoPlayer.app */,
			);
			name = Products;
			sourceTree = "<group>";
		};
		DBC813902463CF2A00E37814 /* videoPlayer */ = {
			isa = PBXGroup;
			children = (
				DBC813912463CF2A00E37814 /* AppDelegate.swift */,
				DBC813932463CF2A00E37814 /* SceneDelegate.swift */,
				DBC813952463CF2A00E37814 /* ViewController.swift */,
				DBC813A52463D0B900E37814 /* CaptainMarvel.mp4 */,
				DBC813A72463D0B900E37814 /* TheFastAndTheFurious.mp4 */,
				DBC813A62463D0B900E37814 /* Wreck-ItRalph.mp4 */,
				DBC813972463CF2A00E37814 /* Main.storyboard */,
				DBC8139A2463CF2A00E37814 /* Assets.xcassets */,
				DBC8139C2463CF2A00E37814 /* LaunchScreen.storyboard */,
				DBC8139F2463CF2A00E37814 /* Info.plist */,
			);
			path = videoPlayer;
			sourceTree = "<group>";
		};
/* End PBXGroup section */

/* Begin PBXNativeTarget section */
		DBC8138D2463CF2A00E37814 /* videoPlayer */ = {
			isa = PBXNativeTarget;
			buildConfigurationList = DBC813A22463CF2A00E37814 /* Build configuration list for PBXNativeTarget "videoPlayer" */;
			buildPhases = (
				DBC8138A2463CF2A00E37814 /* Sources */,
				DBC8138B2463CF2A00E37814 /* Frameworks */,
				DBC8138C2463CF2A00E37814 /* Resources */,
			);
			buildRules = (
			);
			dependencies = (
			);
			name = videoPlayer;
			productName = videoPlayer;
			productReference = DBC8138E2463CF2A00E37814 /* videoPlayer.app */;
			productType = "com.apple.product-type.application";
		};
/* End PBXNativeTarget section */

/* Begin PBXProject section */
		DBC813862463CF2A00E37814 /* Project object */ = {
			isa = PBXProject;
			attributes = {
				LastSwiftUpdateCheck = 1130;
				LastUpgradeCheck = 1130;
				ORGANIZATIONNAME = mac23;
				TargetAttributes = {
					DBC8138D2463CF2A00E37814 = {
						CreatedOnToolsVersion = 11.3.1;
					};
				};
			};
			buildConfigurationList = DBC813892463CF2A00E37814 /* Build configuration list for PBXProject "videoPlayer" */;
			compatibilityVersion = "Xcode 9.3";
			developmentRegion = en;
			hasScannedForEncodings = 0;
			knownRegions = (
				en,
				Base,
			);
			mainGroup = DBC813852463CF2A00E37814;
			productRefGroup = DBC8138F2463CF2A00E37814 /* Products */;
			projectDirPath = "";
			projectRoot = "";
			targets = (
				DBC8138D2463CF2A00E37814 /* videoPlayer */,
			);
		};
/* End PBXProject section */

/* Begin PBXResourcesBuildPhase section */
		DBC8138C2463CF2A00E37814 /* Resources */ = {
			isa = PBXResourcesBuildPhase;
			buildActionMask = 2147483647;
			files = (
				DBC8139E2463CF2A00E37814 /* LaunchScreen.storyboard in Resources */,
				DBC8139B2463CF2A00E37814 /* Assets.xcassets in Resources */,
				DBC813A92463D0B900E37814 /* Wreck-ItRalph.mp4 in Resources */,
				DBC813AA2463D0B900E37814 /* TheFastAndTheFurious.mp4 in Resources */,
				DBC813992463CF2A00E37814 /* Main.storyboard in Resources */,
				DBC813A82463D0B900E37814 /* CaptainMarvel.mp4 in Resources */,
			);
			runOnlyForDeploymentPostprocessing = 0;
		};
/* End PBXResourcesBuildPhase section */

/* Begin PBXSourcesBuildPhase section */
		DBC8138A2463CF2A00E37814 /* Sources */ = {
			isa = PBXSourcesBuildPhase;
			buildActionMask = 2147483647;
			files = (
				DBC813962463CF2A00E37814 /* ViewController.swift in Sources */,
				DBC813922463CF2A00E37814 /* AppDelegate.swift in Sources */,
				DBC813942463CF2A00E37814 /* SceneDelegate.swift in Sources */,
			);
			runOnlyForDeploymentPostprocessing = 0;
		};
/* End PBXSourcesBuildPhase section */

/* Begin PBXVariantGroup section */
		DBC813972463CF2A00E37814 /* Main.storyboard */ = {
			isa = PBXVariantGroup;
			children = (
				DBC813982463CF2A00E37814 /* Base */,
			);
			name = Main.storyboard;
			sourceTree = "<group>";
		};
		DBC8139C2463CF2A00E37814 /* LaunchScreen.storyboard */ = {
			isa = PBXVariantGroup;
			children = (
				DBC8139D2463CF2A00E37814 /* Base */,
			);
			name = LaunchScreen.storyboard;
			sourceTree = "<group>";
		};
/* End PBXVariantGroup section */

/* Begin XCBuildConfiguration section */
		DBC813A02463CF2A00E37814 /* Debug */ = {
			isa = XCBuildConfiguration;
			buildSettings = {
				ALWAYS_SEARCH_USER_PATHS = NO;
				CLANG_ANALYZER_NONNULL = YES;
				CLANG_ANALYZER_NUMBER_OBJECT_CONVERSION = YES_AGGRESSIVE;
				CLANG_CXX_LANGUAGE_STANDARD = "gnu++14";
				CLANG_CXX_LIBRARY = "libc++";
				CLANG_ENABLE_MODULES = YES;
				CLANG_ENABLE_OBJC_ARC = YES;
				CLANG_ENABLE_OBJC_WEAK = YES;
				CLANG_WARN_BLOCK_CAPTURE_AUTORELEASING = YES;
				CLANG_WARN_BOOL_CONVERSION = YES;
				CLANG_WARN_COMMA = YES;
				CLANG_WARN_CONSTANT_CONVERSION = YES;
				CLANG_WARN_DEPRECATED_OBJC_IMPLEMENTATIONS = YES;
				CLANG_WARN_DIRECT_OBJC_ISA_USAGE = YES_ERROR;
				CLANG_WARN_DOCUMENTATION_COMMENTS = YES;
				CLANG_WARN_EMPTY_BODY = YES;
				CLANG_WARN_ENUM_CONVERSION = YES;
				CLANG_WARN_INFINITE_RECURSION = YES;
				CLANG_WARN_INT_CONVERSION = YES;
				CLANG_WARN_NON_LITERAL_NULL_CONVERSION = YES;
				CLANG_WARN_OBJC_IMPLICIT_RETAIN_SELF = YES;
				CLANG_WARN_OBJC_LITERAL_CONVERSION = YES;
				CLANG_WARN_OBJC_ROOT_CLASS = YES_ERROR;
				CLANG_WARN_RANGE_LOOP_ANALYSIS = YES;
				CLANG_WARN_STRICT_PROTOTYPES = YES;
				CLANG_WARN_SUSPICIOUS_MOVE = YES;
				CLANG_WARN_UNGUARDED_AVAILABILITY = YES_AGGRESSIVE;
				CLANG_WARN_UNREACHABLE_CODE = YES;
				CLANG_WARN__DUPLICATE_METHOD_MATCH = YES;
				COPY_PHASE_STRIP = NO;
				DEBUG_INFORMATION_FORMAT = dwarf;
				ENABLE_STRICT_OBJC_MSGSEND = YES;
				ENABLE_TESTABILITY = YES;
				GCC_C_LANGUAGE_STANDARD = gnu11;
				GCC_DYNAMIC_NO_PIC = NO;
				GCC_NO_COMMON_BLOCKS = YES;
				GCC_OPTIMIZATION_LEVEL = 0;
				GCC_PREPROCESSOR_DEFINITIONS = (
					"DEBUG=1",
					"$(inherited)",
				);
				GCC_WARN_64_TO_32_BIT_CONVERSION = YES;
				GCC_WARN_ABOUT_RETURN_TYPE = YES_ERROR;
				GCC_WARN_UNDECLARED_SELECTOR = YES;
				GCC_WARN_UNINITIALIZED_AUTOS = YES_AGGRESSIVE;
				GCC_WARN_UNUSED_FUNCTION = YES;
				GCC_WARN_UNUSED_VARIABLE = YES;
				IPHONEOS_DEPLOYMENT_TARGET = 13.2;
				MTL_ENABLE_DEBUG_INFO = INCLUDE_SOURCE;
				MTL_FAST_MATH = YES;
				ONLY_ACTIVE_ARCH = YES;
				SDKROOT = iphoneos;
				SWIFT_ACTIVE_COMPILATION_CONDITIONS = DEBUG;
				SWIFT_OPTIMIZATION_LEVEL = "-Onone";
			};
			name = Debug;
		};
		DBC813A12463CF2A00E37814 /* Release */ = {
			isa = XCBuildConfiguration;
			buildSettings = {
				ALWAYS_SEARCH_USER_PATHS = NO;
				CLANG_ANALYZER_NONNULL = YES;
				CLANG_ANALYZER_NUMBER_OBJECT_CONVERSION = YES_AGGRESSIVE;
				CLANG_CXX_LANGUAGE_STANDARD = "gnu++14";
				CLANG_CXX_LIBRARY = "libc++";
				CLANG_ENABLE_MODULES = YES;
				CLANG_ENABLE_OBJC_ARC = YES;
				CLANG_ENABLE_OBJC_WEAK = YES;
				CLANG_WARN_BLOCK_CAPTURE_AUTORELEASING = YES;
				CLANG_WARN_BOOL_CONVERSION = YES;
				CLANG_WARN_COMMA = YES;
				CLANG_WARN_CONSTANT_CONVERSION = YES;
				CLANG_WARN_DEPRECATED_OBJC_IMPLEMENTATIONS = YES;
				CLANG_WARN_DIRECT_OBJC_ISA_USAGE = YES_ERROR;
				CLANG_WARN_DOCUMENTATION_COMMENTS = YES;
				CLANG_WARN_EMPTY_BODY = YES;
				CLANG_WARN_ENUM_CONVERSION = YES;
				CLANG_WARN_INFINITE_RECURSION = YES;
				CLANG_WARN_INT_CONVERSION = YES;
				CLANG_WARN_NON_LITERAL_NULL_CONVERSION = YES;
				CLANG_WARN_OBJC_IMPLICIT_RETAIN_SELF = YES;
				CLANG_WARN_OBJC_LITERAL_CONVERSION = YES;
				CLANG_WARN_OBJC_ROOT_CLASS = YES_ERROR;
				CLANG_WARN_RANGE_LOOP_ANALYSIS = YES;
				CLANG_WARN_STRICT_PROTOTYPES = YES;
				CLANG_WARN_SUSPICIOUS_MOVE = YES;
				CLANG_WARN_UNGUARDED_AVAILABILITY = YES_AGGRESSIVE;
				CLANG_WARN_UNREACHABLE_CODE = YES;
				CLANG_WARN__DUPLICATE_METHOD_MATCH = YES;
				COPY_PHASE_STRIP = NO;
				DEBUG_INFORMATION_FORMAT = "dwarf-with-dsym";
				ENABLE_NS_ASSERTIONS = NO;
				ENABLE_STRICT_OBJC_MSGSEND = YES;
				GCC_C_LANGUAGE_STANDARD = gnu11;
				GCC_NO_COMMON_BLOCKS = YES;
				GCC_WARN_64_TO_32_BIT_CONVERSION = YES;
				GCC_WARN_ABOUT_RETURN_TYPE = YES_ERROR;
				GCC_WARN_UNDECLARED_SELECTOR = YES;
				GCC_WARN_UNINITIALIZED_AUTOS = YES_AGGRESSIVE;
				GCC_WARN_UNUSED_FUNCTION = YES;
				GCC_WARN_UNUSED_VARIABLE = YES;
				IPHONEOS_DEPLOYMENT_TARGET = 13.2;
				MTL_ENABLE_DEBUG_INFO = NO;
				MTL_FAST_MATH = YES;
				SDKROOT = iphoneos;
				SWIFT_COMPILATION_MODE = wholemodule;
				SWIFT_OPTIMIZATION_LEVEL = "-O";
				VALIDATE_PRODUCT = YES;
			};
			name = Release;
		};
		DBC813A32463CF2A00E37814 /* Debug */ = {
			isa = XCBuildConfiguration;
			buildSettings = {
				ASSETCATALOG_COMPILER_APPICON_NAME = AppIcon;
				CODE_SIGN_STYLE = Automatic;
				DEVELOPMENT_TEAM = EWKZX8YTGG;
				INFOPLIST_FILE = videoPlayer/Info.plist;
				LD_RUNPATH_SEARCH_PATHS = (
					"$(inherited)",
					"@executable_path/Frameworks",
				);
				PRODUCT_BUNDLE_IDENTIFIER = mac23.videoPlayer;
				PRODUCT_NAME = "$(TARGET_NAME)";
				SWIFT_VERSION = 5.0;
				TARGETED_DEVICE_FAMILY = "1,2";
			};
			name = Debug;
		};
		DBC813A42463CF2A00E37814 /* Release */ = {
			isa = XCBuildConfiguration;
			buildSettings = {
				ASSETCATALOG_COMPILER_APPICON_NAME = AppIcon;
				CODE_SIGN_STYLE = Automatic;
				DEVELOPMENT_TEAM = EWKZX8YTGG;
				INFOPLIST_FILE = videoPlayer/Info.plist;
				LD_RUNPATH_SEARCH_PATHS = (
					"$(inherited)",
					"@executable_path/Frameworks",
				);
				PRODUCT_BUNDLE_IDENTIFIER = mac23.videoPlayer;
				PRODUCT_NAME = "$(TARGET_NAME)";
				SWIFT_VERSION = 5.0;
				TARGETED_DEVICE_FAMILY = "1,2";
			};
			name = Release;
		};
/* End XCBuildConfiguration section */

/* Begin XCConfigurationList section */
		DBC813892463CF2A00E37814 /* Build configuration list for PBXProject "videoPlayer" */ = {
			isa = XCConfigurationList;
			buildConfigurations = (
				DBC813A02463CF2A00E37814 /* Debug */,
				DBC813A12463CF2A00E37814 /* Release */,
			);
			defaultConfigurationIsVisible = 0;
			defaultConfigurationName = Release;
		};
		DBC813A22463CF2A00E37814 /* Build configuration list for PBXNativeTarget "videoPlayer" */ = {
			isa = XCConfigurationList;
			buildConfigurations = (
				DBC813A32463CF2A00E37814 /* Debug */,
				DBC813A42463CF2A00E37814 /* Release */,
			);
			defaultConfigurationIsVisible = 0;
			defaultConfigurationName = Release;
		};
/* End XCConfigurationList section */
	};
	rootObject = DBC813862463CF2A00E37814 /* Project object */;
}
