// !$*UTF8*$!
{
	archiveVersion = 1;
	classes = {
	};
	objectVersion = 50;
	objects = {

/* Begin PBXBuildFile section */
		DB3A000B2488AB200032F44E /* SharedConstants.swift in Sources */ = {isa = PBXBuildFile; fileRef = DB3A000A2488AB200032F44E /* SharedConstants.swift */; };
		DB8879EF24876CF800B8EA06 /* AppDelegate.swift in Sources */ = {isa = PBXBuildFile; fileRef = DB8879EE24876CF800B8EA06 /* AppDelegate.swift */; };
		DB8879F124876CF800B8EA06 /* art.scnassets in Resources */ = {isa = PBXBuildFile; fileRef = DB8879F024876CF800B8EA06 /* art.scnassets */; };
		DB8879F324876CF800B8EA06 /* GameViewController.swift in Sources */ = {isa = PBXBuildFile; fileRef = DB8879F224876CF800B8EA06 /* GameViewController.swift */; };
		DB8879F624876CF800B8EA06 /* Main.storyboard in Resources */ = {isa = PBXBuildFile; fileRef = DB8879F424876CF800B8EA06 /* Main.storyboard */; };
		DB8879F824876CF900B8EA06 /* Assets.xcassets in Resources */ = {isa = PBXBuildFile; fileRef = DB8879F724876CF900B8EA06 /* Assets.xcassets */; };
		DB8879FB24876CF900B8EA06 /* LaunchScreen.storyboard in Resources */ = {isa = PBXBuildFile; fileRef = DB8879F924876CF900B8EA06 /* LaunchScreen.storyboard */; };
		DB887A032487744F00B8EA06 /* Collectable.swift in Sources */ = {isa = PBXBuildFile; fileRef = DB887A022487744F00B8EA06 /* Collectable.swift */; };
/* End PBXBuildFile section */

/* Begin PBXFileReference section */
		DB3A000A2488AB200032F44E /* SharedConstants.swift */ = {isa = PBXFileReference; lastKnownFileType = sourcecode.swift; path = SharedConstants.swift; sourceTree = "<group>"; };
		DB8879EB24876CF800B8EA06 /* SpaceMan3D.app */ = {isa = PBXFileReference; explicitFileType = wrapper.application; includeInIndex = 0; path = SpaceMan3D.app; sourceTree = BUILT_PRODUCTS_DIR; };
		DB8879EE24876CF800B8EA06 /* AppDelegate.swift */ = {isa = PBXFileReference; lastKnownFileType = sourcecode.swift; path = AppDelegate.swift; sourceTree = "<group>"; };
		DB8879F024876CF800B8EA06 /* art.scnassets */ = {isa = PBXFileReference; lastKnownFileType = wrapper.scnassets; path = art.scnassets; sourceTree = "<group>"; };
		DB8879F224876CF800B8EA06 /* GameViewController.swift */ = {isa = PBXFileReference; lastKnownFileType = sourcecode.swift; path = GameViewController.swift; sourceTree = "<group>"; };
		DB8879F524876CF800B8EA06 /* Base */ = {isa = PBXFileReference; lastKnownFileType = file.storyboard; name = Base; path = Base.lproj/Main.storyboard; sourceTree = "<group>"; };
		DB8879F724876CF900B8EA06 /* Assets.xcassets */ = {isa = PBXFileReference; lastKnownFileType = folder.assetcatalog; path = Assets.xcassets; sourceTree = "<group>"; };
		DB8879FA24876CF900B8EA06 /* Base */ = {isa = PBXFileReference; lastKnownFileType = file.storyboard; name = Base; path = Base.lproj/LaunchScreen.storyboard; sourceTree = "<group>"; };
		DB8879FC24876CF900B8EA06 /* Info.plist */ = {isa = PBXFileReference; lastKnownFileType = text.plist.xml; path = Info.plist; sourceTree = "<group>"; };
		DB887A022487744F00B8EA06 /* Collectable.swift */ = {isa = PBXFileReference; lastKnownFileType = sourcecode.swift; path = Collectable.swift; sourceTree = "<group>"; };
/* End PBXFileReference section */

/* Begin PBXFrameworksBuildPhase section */
		DB8879E824876CF800B8EA06 /* Frameworks */ = {
			isa = PBXFrameworksBuildPhase;
			buildActionMask = 2147483647;
			files = (
			);
			runOnlyForDeploymentPostprocessing = 0;
		};
/* End PBXFrameworksBuildPhase section */

/* Begin PBXGroup section */
		DB8879E224876CF800B8EA06 = {
			isa = PBXGroup;
			children = (
				DB8879ED24876CF800B8EA06 /* SpaceMan3D */,
				DB8879EC24876CF800B8EA06 /* Products */,
			);
			sourceTree = "<group>";
		};
		DB8879EC24876CF800B8EA06 /* Products */ = {
			isa = PBXGroup;
			children = (
				DB8879EB24876CF800B8EA06 /* SpaceMan3D.app */,
			);
			name = Products;
			sourceTree = "<group>";
		};
		DB8879ED24876CF800B8EA06 /* SpaceMan3D */ = {
			isa = PBXGroup;
			children = (
				DB8879EE24876CF800B8EA06 /* AppDelegate.swift */,
				DB8879F024876CF800B8EA06 /* art.scnassets */,
				DB8879F224876CF800B8EA06 /* GameViewController.swift */,
				DB8879F424876CF800B8EA06 /* Main.storyboard */,
				DB8879F724876CF900B8EA06 /* Assets.xcassets */,
				DB8879F924876CF900B8EA06 /* LaunchScreen.storyboard */,
				DB8879FC24876CF900B8EA06 /* Info.plist */,
				DB887A022487744F00B8EA06 /* Collectable.swift */,
				DB3A000A2488AB200032F44E /* SharedConstants.swift */,
			);
			path = SpaceMan3D;
			sourceTree = "<group>";
		};
/* End PBXGroup section */

/* Begin PBXNativeTarget section */
		DB8879EA24876CF800B8EA06 /* SpaceMan3D */ = {
			isa = PBXNativeTarget;
			buildConfigurationList = DB8879FF24876CF900B8EA06 /* Build configuration list for PBXNativeTarget "SpaceMan3D" */;
			buildPhases = (
				DB8879E724876CF800B8EA06 /* Sources */,
				DB8879E824876CF800B8EA06 /* Frameworks */,
				DB8879E924876CF800B8EA06 /* Resources */,
			);
			buildRules = (
			);
			dependencies = (
			);
			name = SpaceMan3D;
			productName = SpaceMan3D;
			productReference = DB8879EB24876CF800B8EA06 /* SpaceMan3D.app */;
			productType = "com.apple.product-type.application";
		};
/* End PBXNativeTarget section */

/* Begin PBXProject section */
		DB8879E324876CF800B8EA06 /* Project object */ = {
			isa = PBXProject;
			attributes = {
				LastSwiftUpdateCheck = 1150;
				LastUpgradeCheck = 1150;
				ORGANIZATIONNAME = mac23;
				TargetAttributes = {
					DB8879EA24876CF800B8EA06 = {
						CreatedOnToolsVersion = 11.5;
					};
				};
			};
			buildConfigurationList = DB8879E624876CF800B8EA06 /* Build configuration list for PBXProject "SpaceMan3D" */;
			compatibilityVersion = "Xcode 9.3";
			developmentRegion = en;
			hasScannedForEncodings = 0;
			knownRegions = (
				en,
				Base,
			);
			mainGroup = DB8879E224876CF800B8EA06;
			productRefGroup = DB8879EC24876CF800B8EA06 /* Products */;
			projectDirPath = "";
			projectRoot = "";
			targets = (
				DB8879EA24876CF800B8EA06 /* SpaceMan3D */,
			);
		};
/* End PBXProject section */

/* Begin PBXResourcesBuildPhase section */
		DB8879E924876CF800B8EA06 /* Resources */ = {
			isa = PBXResourcesBuildPhase;
			buildActionMask = 2147483647;
			files = (
				DB8879F124876CF800B8EA06 /* art.scnassets in Resources */,
				DB8879FB24876CF900B8EA06 /* LaunchScreen.storyboard in Resources */,
				DB8879F824876CF900B8EA06 /* Assets.xcassets in Resources */,
				DB8879F624876CF800B8EA06 /* Main.storyboard in Resources */,
			);
			runOnlyForDeploymentPostprocessing = 0;
		};
/* End PBXResourcesBuildPhase section */

/* Begin PBXSourcesBuildPhase section */
		DB8879E724876CF800B8EA06 /* Sources */ = {
			isa = PBXSourcesBuildPhase;
			buildActionMask = 2147483647;
			files = (
				DB3A000B2488AB200032F44E /* SharedConstants.swift in Sources */,
				DB887A032487744F00B8EA06 /* Collectable.swift in Sources */,
				DB8879F324876CF800B8EA06 /* GameViewController.swift in Sources */,
				DB8879EF24876CF800B8EA06 /* AppDelegate.swift in Sources */,
			);
			runOnlyForDeploymentPostprocessing = 0;
		};
/* End PBXSourcesBuildPhase section */

/* Begin PBXVariantGroup section */
		DB8879F424876CF800B8EA06 /* Main.storyboard */ = {
			isa = PBXVariantGroup;
			children = (
				DB8879F524876CF800B8EA06 /* Base */,
			);
			name = Main.storyboard;
			sourceTree = "<group>";
		};
		DB8879F924876CF900B8EA06 /* LaunchScreen.storyboard */ = {
			isa = PBXVariantGroup;
			children = (
				DB8879FA24876CF900B8EA06 /* Base */,
			);
			name = LaunchScreen.storyboard;
			sourceTree = "<group>";
		};
/* End PBXVariantGroup section */

/* Begin XCBuildConfiguration section */
		DB8879FD24876CF900B8EA06 /* Debug */ = {
			isa = XCBuildConfiguration;
			buildSettings = {
				ALWAYS_SEARCH_USER_PATHS = NO;
				CLANG_ANALYZER_NONNULL = YES;
				CLANG_ANALYZER_NUMBER_OBJECT_CONVERSION = YES_AGGRESSIVE;
				CLANG_CXX_LANGUAGE_STANDARD = "gnu++14";
				CLANG_CXX_LIBRARY = "libc++";
				CLANG_ENABLE_MODULES = YES;
				CLANG_ENABLE_OBJC_ARC = YES;
				CLANG_ENABLE_OBJC_WEAK = YES;
				CLANG_WARN_BLOCK_CAPTURE_AUTORELEASING = YES;
				CLANG_WARN_BOOL_CONVERSION = YES;
				CLANG_WARN_COMMA = YES;
				CLANG_WARN_CONSTANT_CONVERSION = YES;
				CLANG_WARN_DEPRECATED_OBJC_IMPLEMENTATIONS = YES;
				CLANG_WARN_DIRECT_OBJC_ISA_USAGE = YES_ERROR;
				CLANG_WARN_DOCUMENTATION_COMMENTS = YES;
				CLANG_WARN_EMPTY_BODY = YES;
				CLANG_WARN_ENUM_CONVERSION = YES;
				CLANG_WARN_INFINITE_RECURSION = YES;
				CLANG_WARN_INT_CONVERSION = YES;
				CLANG_WARN_NON_LITERAL_NULL_CONVERSION = YES;
				CLANG_WARN_OBJC_IMPLICIT_RETAIN_SELF = YES;
				CLANG_WARN_OBJC_LITERAL_CONVERSION = YES;
				CLANG_WARN_OBJC_ROOT_CLASS = YES_ERROR;
				CLANG_WARN_RANGE_LOOP_ANALYSIS = YES;
				CLANG_WARN_STRICT_PROTOTYPES = YES;
				CLANG_WARN_SUSPICIOUS_MOVE = YES;
				CLANG_WARN_UNGUARDED_AVAILABILITY = YES_AGGRESSIVE;
				CLANG_WARN_UNREACHABLE_CODE = YES;
				CLANG_WARN__DUPLICATE_METHOD_MATCH = YES;
				COPY_PHASE_STRIP = NO;
				DEBUG_INFORMATION_FORMAT = dwarf;
				ENABLE_STRICT_OBJC_MSGSEND = YES;
				ENABLE_TESTABILITY = YES;
				GCC_C_LANGUAGE_STANDARD = gnu11;
				GCC_DYNAMIC_NO_PIC = NO;
				GCC_NO_COMMON_BLOCKS = YES;
				GCC_OPTIMIZATION_LEVEL = 0;
				GCC_PREPROCESSOR_DEFINITIONS = (
					"DEBUG=1",
					"$(inherited)",
				);
				GCC_WARN_64_TO_32_BIT_CONVERSION = YES;
				GCC_WARN_ABOUT_RETURN_TYPE = YES_ERROR;
				GCC_WARN_UNDECLARED_SELECTOR = YES;
				GCC_WARN_UNINITIALIZED_AUTOS = YES_AGGRESSIVE;
				GCC_WARN_UNUSED_FUNCTION = YES;
				GCC_WARN_UNUSED_VARIABLE = YES;
				IPHONEOS_DEPLOYMENT_TARGET = 13.5;
				MTL_ENABLE_DEBUG_INFO = INCLUDE_SOURCE;
				MTL_FAST_MATH = YES;
				ONLY_ACTIVE_ARCH = YES;
				SDKROOT = iphoneos;
				SWIFT_ACTIVE_COMPILATION_CONDITIONS = DEBUG;
				SWIFT_OPTIMIZATION_LEVEL = "-Onone";
			};
			name = Debug;
		};
		DB8879FE24876CF900B8EA06 /* Release */ = {
			isa = XCBuildConfiguration;
			buildSettings = {
				ALWAYS_SEARCH_USER_PATHS = NO;
				CLANG_ANALYZER_NONNULL = YES;
				CLANG_ANALYZER_NUMBER_OBJECT_CONVERSION = YES_AGGRESSIVE;
				CLANG_CXX_LANGUAGE_STANDARD = "gnu++14";
				CLANG_CXX_LIBRARY = "libc++";
				CLANG_ENABLE_MODULES = YES;
				CLANG_ENABLE_OBJC_ARC = YES;
				CLANG_ENABLE_OBJC_WEAK = YES;
				CLANG_WARN_BLOCK_CAPTURE_AUTORELEASING = YES;
				CLANG_WARN_BOOL_CONVERSION = YES;
				CLANG_WARN_COMMA = YES;
				CLANG_WARN_CONSTANT_CONVERSION = YES;
				CLANG_WARN_DEPRECATED_OBJC_IMPLEMENTATIONS = YES;
				CLANG_WARN_DIRECT_OBJC_ISA_USAGE = YES_ERROR;
				CLANG_WARN_DOCUMENTATION_COMMENTS = YES;
				CLANG_WARN_EMPTY_BODY = YES;
				CLANG_WARN_ENUM_CONVERSION = YES;
				CLANG_WARN_INFINITE_RECURSION = YES;
				CLANG_WARN_INT_CONVERSION = YES;
				CLANG_WARN_NON_LITERAL_NULL_CONVERSION = YES;
				CLANG_WARN_OBJC_IMPLICIT_RETAIN_SELF = YES;
				CLANG_WARN_OBJC_LITERAL_CONVERSION = YES;
				CLANG_WARN_OBJC_ROOT_CLASS = YES_ERROR;
				CLANG_WARN_RANGE_LOOP_ANALYSIS = YES;
				CLANG_WARN_STRICT_PROTOTYPES = YES;
				CLANG_WARN_SUSPICIOUS_MOVE = YES;
				CLANG_WARN_UNGUARDED_AVAILABILITY = YES_AGGRESSIVE;
				CLANG_WARN_UNREACHABLE_CODE = YES;
				CLANG_WARN__DUPLICATE_METHOD_MATCH = YES;
				COPY_PHASE_STRIP = NO;
				DEBUG_INFORMATION_FORMAT = "dwarf-with-dsym";
				ENABLE_NS_ASSERTIONS = NO;
				ENABLE_STRICT_OBJC_MSGSEND = YES;
				GCC_C_LANGUAGE_STANDARD = gnu11;
				GCC_NO_COMMON_BLOCKS = YES;
				GCC_WARN_64_TO_32_BIT_CONVERSION = YES;
				GCC_WARN_ABOUT_RETURN_TYPE = YES_ERROR;
				GCC_WARN_UNDECLARED_SELECTOR = YES;
				GCC_WARN_UNINITIALIZED_AUTOS = YES_AGGRESSIVE;
				GCC_WARN_UNUSED_FUNCTION = YES;
				GCC_WARN_UNUSED_VARIABLE = YES;
				IPHONEOS_DEPLOYMENT_TARGET = 13.5;
				MTL_ENABLE_DEBUG_INFO = NO;
				MTL_FAST_MATH = YES;
				SDKROOT = iphoneos;
				SWIFT_COMPILATION_MODE = wholemodule;
				SWIFT_OPTIMIZATION_LEVEL = "-O";
				VALIDATE_PRODUCT = YES;
			};
			name = Release;
		};
		DB887A0024876CF900B8EA06 /* Debug */ = {
			isa = XCBuildConfiguration;
			buildSettings = {
				ASSETCATALOG_COMPILER_APPICON_NAME = AppIcon;
				CODE_SIGN_STYLE = Automatic;
				DEVELOPMENT_TEAM = EWKZX8YTGG;
				INFOPLIST_FILE = SpaceMan3D/Info.plist;
				LD_RUNPATH_SEARCH_PATHS = (
					"$(inherited)",
					"@executable_path/Frameworks",
				);
				PRODUCT_BUNDLE_IDENTIFIER = mac23.SpaceMan3D;
				PRODUCT_NAME = "$(TARGET_NAME)";
				SWIFT_VERSION = 5.0;
				TARGETED_DEVICE_FAMILY = "1,2";
			};
			name = Debug;
		};
		DB887A0124876CF900B8EA06 /* Release */ = {
			isa = XCBuildConfiguration;
			buildSettings = {
				ASSETCATALOG_COMPILER_APPICON_NAME = AppIcon;
				CODE_SIGN_STYLE = Automatic;
				DEVELOPMENT_TEAM = EWKZX8YTGG;
				INFOPLIST_FILE = SpaceMan3D/Info.plist;
				LD_RUNPATH_SEARCH_PATHS = (
					"$(inherited)",
					"@executable_path/Frameworks",
				);
				PRODUCT_BUNDLE_IDENTIFIER = mac23.SpaceMan3D;
				PRODUCT_NAME = "$(TARGET_NAME)";
				SWIFT_VERSION = 5.0;
				TARGETED_DEVICE_FAMILY = "1,2";
			};
			name = Release;
		};
/* End XCBuildConfiguration section */

/* Begin XCConfigurationList section */
		DB8879E624876CF800B8EA06 /* Build configuration list for PBXProject "SpaceMan3D" */ = {
			isa = XCConfigurationList;
			buildConfigurations = (
				DB8879FD24876CF900B8EA06 /* Debug */,
				DB8879FE24876CF900B8EA06 /* Release */,
			);
			defaultConfigurationIsVisible = 0;
			defaultConfigurationName = Release;
		};
		DB8879FF24876CF900B8EA06 /* Build configuration list for PBXNativeTarget "SpaceMan3D" */ = {
			isa = XCConfigurationList;
			buildConfigurations = (
				DB887A0024876CF900B8EA06 /* Debug */,
				DB887A0124876CF900B8EA06 /* Release */,
			);
			defaultConfigurationIsVisible = 0;
			defaultConfigurationName = Release;
		};
/* End XCConfigurationList section */
	};
	rootObject = DB8879E324876CF800B8EA06 /* Project object */;
}
