// !$*UTF8*$!
{
	archiveVersion = 1;
	classes = {
	};
	objectVersion = 50;
	objects = {

/* Begin PBXBuildFile section */
		DB20C8722450173C00B25AA0 /* AppDelegate.swift in Sources */ = {isa = PBXBuildFile; fileRef = DB20C8712450173C00B25AA0 /* AppDelegate.swift */; };
		DB20C8742450173C00B25AA0 /* SceneDelegate.swift in Sources */ = {isa = PBXBuildFile; fileRef = DB20C8732450173C00B25AA0 /* SceneDelegate.swift */; };
		DB20C8762450173C00B25AA0 /* ViewController.swift in Sources */ = {isa = PBXBuildFile; fileRef = DB20C8752450173C00B25AA0 /* ViewController.swift */; };
		DB20C8792450173C00B25AA0 /* Main.storyboard in Resources */ = {isa = PBXBuildFile; fileRef = DB20C8772450173C00B25AA0 /* Main.storyboard */; };
		DB20C87B2450173D00B25AA0 /* Assets.xcassets in Resources */ = {isa = PBXBuildFile; fileRef = DB20C87A2450173D00B25AA0 /* Assets.xcassets */; };
		DB20C87E2450173D00B25AA0 /* LaunchScreen.storyboard in Resources */ = {isa = PBXBuildFile; fileRef = DB20C87C2450173D00B25AA0 /* LaunchScreen.storyboard */; };
		DB20C8862450175200B25AA0 /* 01.txt in Resources */ = {isa = PBXBuildFile; fileRef = DB20C8852450175200B25AA0 /* 01.txt */; };
		DB20C8882450175C00B25AA0 /* 02.txt in Resources */ = {isa = PBXBuildFile; fileRef = DB20C8872450175C00B25AA0 /* 02.txt */; };
/* End PBXBuildFile section */

/* Begin PBXFileReference section */
		DB20C86E2450173C00B25AA0 /* DataWithFile.app */ = {isa = PBXFileReference; explicitFileType = wrapper.application; includeInIndex = 0; path = DataWithFile.app; sourceTree = BUILT_PRODUCTS_DIR; };
		DB20C8712450173C00B25AA0 /* AppDelegate.swift */ = {isa = PBXFileReference; lastKnownFileType = sourcecode.swift; path = AppDelegate.swift; sourceTree = "<group>"; };
		DB20C8732450173C00B25AA0 /* SceneDelegate.swift */ = {isa = PBXFileReference; lastKnownFileType = sourcecode.swift; path = SceneDelegate.swift; sourceTree = "<group>"; };
		DB20C8752450173C00B25AA0 /* ViewController.swift */ = {isa = PBXFileReference; lastKnownFileType = sourcecode.swift; path = ViewController.swift; sourceTree = "<group>"; };
		DB20C8782450173C00B25AA0 /* Base */ = {isa = PBXFileReference; lastKnownFileType = file.storyboard; name = Base; path = Base.lproj/Main.storyboard; sourceTree = "<group>"; };
		DB20C87A2450173D00B25AA0 /* Assets.xcassets */ = {isa = PBXFileReference; lastKnownFileType = folder.assetcatalog; path = Assets.xcassets; sourceTree = "<group>"; };
		DB20C87D2450173D00B25AA0 /* Base */ = {isa = PBXFileReference; lastKnownFileType = file.storyboard; name = Base; path = Base.lproj/LaunchScreen.storyboard; sourceTree = "<group>"; };
		DB20C87F2450173D00B25AA0 /* Info.plist */ = {isa = PBXFileReference; lastKnownFileType = text.plist.xml; path = Info.plist; sourceTree = "<group>"; };
		DB20C8852450175200B25AA0 /* 01.txt */ = {isa = PBXFileReference; fileEncoding = 4; lastKnownFileType = text; path = 01.txt; sourceTree = "<group>"; };
		DB20C8872450175C00B25AA0 /* 02.txt */ = {isa = PBXFileReference; fileEncoding = 4; lastKnownFileType = text; path = 02.txt; sourceTree = "<group>"; };
/* End PBXFileReference section */

/* Begin PBXFrameworksBuildPhase section */
		DB20C86B2450173C00B25AA0 /* Frameworks */ = {
			isa = PBXFrameworksBuildPhase;
			buildActionMask = 2147483647;
			files = (
			);
			runOnlyForDeploymentPostprocessing = 0;
		};
/* End PBXFrameworksBuildPhase section */

/* Begin PBXGroup section */
		DB20C8652450173C00B25AA0 = {
			isa = PBXGroup;
			children = (
				DB20C8702450173C00B25AA0 /* DataWithFile */,
				DB20C86F2450173C00B25AA0 /* Products */,
			);
			sourceTree = "<group>";
		};
		DB20C86F2450173C00B25AA0 /* Products */ = {
			isa = PBXGroup;
			children = (
				DB20C86E2450173C00B25AA0 /* DataWithFile.app */,
			);
			name = Products;
			sourceTree = "<group>";
		};
		DB20C8702450173C00B25AA0 /* DataWithFile */ = {
			isa = PBXGroup;
			children = (
				DB20C8712450173C00B25AA0 /* AppDelegate.swift */,
				DB20C8732450173C00B25AA0 /* SceneDelegate.swift */,
				DB20C8752450173C00B25AA0 /* ViewController.swift */,
				DB20C8772450173C00B25AA0 /* Main.storyboard */,
				DB20C87A2450173D00B25AA0 /* Assets.xcassets */,
				DB20C87C2450173D00B25AA0 /* LaunchScreen.storyboard */,
				DB20C87F2450173D00B25AA0 /* Info.plist */,
				DB20C8852450175200B25AA0 /* 01.txt */,
				DB20C8872450175C00B25AA0 /* 02.txt */,
			);
			path = DataWithFile;
			sourceTree = "<group>";
		};
/* End PBXGroup section */

/* Begin PBXNativeTarget section */
		DB20C86D2450173C00B25AA0 /* DataWithFile */ = {
			isa = PBXNativeTarget;
			buildConfigurationList = DB20C8822450173D00B25AA0 /* Build configuration list for PBXNativeTarget "DataWithFile" */;
			buildPhases = (
				DB20C86A2450173C00B25AA0 /* Sources */,
				DB20C86B2450173C00B25AA0 /* Frameworks */,
				DB20C86C2450173C00B25AA0 /* Resources */,
			);
			buildRules = (
			);
			dependencies = (
			);
			name = DataWithFile;
			productName = DataWithFile;
			productReference = DB20C86E2450173C00B25AA0 /* DataWithFile.app */;
			productType = "com.apple.product-type.application";
		};
/* End PBXNativeTarget section */

/* Begin PBXProject section */
		DB20C8662450173C00B25AA0 /* Project object */ = {
			isa = PBXProject;
			attributes = {
				LastSwiftUpdateCheck = 1130;
				LastUpgradeCheck = 1130;
				ORGANIZATIONNAME = mac23;
				TargetAttributes = {
					DB20C86D2450173C00B25AA0 = {
						CreatedOnToolsVersion = 11.3.1;
					};
				};
			};
			buildConfigurationList = DB20C8692450173C00B25AA0 /* Build configuration list for PBXProject "DataWithFile" */;
			compatibilityVersion = "Xcode 9.3";
			developmentRegion = en;
			hasScannedForEncodings = 0;
			knownRegions = (
				en,
				Base,
			);
			mainGroup = DB20C8652450173C00B25AA0;
			productRefGroup = DB20C86F2450173C00B25AA0 /* Products */;
			projectDirPath = "";
			projectRoot = "";
			targets = (
				DB20C86D2450173C00B25AA0 /* DataWithFile */,
			);
		};
/* End PBXProject section */

/* Begin PBXResourcesBuildPhase section */
		DB20C86C2450173C00B25AA0 /* Resources */ = {
			isa = PBXResourcesBuildPhase;
			buildActionMask = 2147483647;
			files = (
				DB20C8882450175C00B25AA0 /* 02.txt in Resources */,
				DB20C87E2450173D00B25AA0 /* LaunchScreen.storyboard in Resources */,
				DB20C8862450175200B25AA0 /* 01.txt in Resources */,
				DB20C87B2450173D00B25AA0 /* Assets.xcassets in Resources */,
				DB20C8792450173C00B25AA0 /* Main.storyboard in Resources */,
			);
			runOnlyForDeploymentPostprocessing = 0;
		};
/* End PBXResourcesBuildPhase section */

/* Begin PBXSourcesBuildPhase section */
		DB20C86A2450173C00B25AA0 /* Sources */ = {
			isa = PBXSourcesBuildPhase;
			buildActionMask = 2147483647;
			files = (
				DB20C8762450173C00B25AA0 /* ViewController.swift in Sources */,
				DB20C8722450173C00B25AA0 /* AppDelegate.swift in Sources */,
				DB20C8742450173C00B25AA0 /* SceneDelegate.swift in Sources */,
			);
			runOnlyForDeploymentPostprocessing = 0;
		};
/* End PBXSourcesBuildPhase section */

/* Begin PBXVariantGroup section */
		DB20C8772450173C00B25AA0 /* Main.storyboard */ = {
			isa = PBXVariantGroup;
			children = (
				DB20C8782450173C00B25AA0 /* Base */,
			);
			name = Main.storyboard;
			sourceTree = "<group>";
		};
		DB20C87C2450173D00B25AA0 /* LaunchScreen.storyboard */ = {
			isa = PBXVariantGroup;
			children = (
				DB20C87D2450173D00B25AA0 /* Base */,
			);
			name = LaunchScreen.storyboard;
			sourceTree = "<group>";
		};
/* End PBXVariantGroup section */

/* Begin XCBuildConfiguration section */
		DB20C8802450173D00B25AA0 /* Debug */ = {
			isa = XCBuildConfiguration;
			buildSettings = {
				ALWAYS_SEARCH_USER_PATHS = NO;
				CLANG_ANALYZER_NONNULL = YES;
				CLANG_ANALYZER_NUMBER_OBJECT_CONVERSION = YES_AGGRESSIVE;
				CLANG_CXX_LANGUAGE_STANDARD = "gnu++14";
				CLANG_CXX_LIBRARY = "libc++";
				CLANG_ENABLE_MODULES = YES;
				CLANG_ENABLE_OBJC_ARC = YES;
				CLANG_ENABLE_OBJC_WEAK = YES;
				CLANG_WARN_BLOCK_CAPTURE_AUTORELEASING = YES;
				CLANG_WARN_BOOL_CONVERSION = YES;
				CLANG_WARN_COMMA = YES;
				CLANG_WARN_CONSTANT_CONVERSION = YES;
				CLANG_WARN_DEPRECATED_OBJC_IMPLEMENTATIONS = YES;
				CLANG_WARN_DIRECT_OBJC_ISA_USAGE = YES_ERROR;
				CLANG_WARN_DOCUMENTATION_COMMENTS = YES;
				CLANG_WARN_EMPTY_BODY = YES;
				CLANG_WARN_ENUM_CONVERSION = YES;
				CLANG_WARN_INFINITE_RECURSION = YES;
				CLANG_WARN_INT_CONVERSION = YES;
				CLANG_WARN_NON_LITERAL_NULL_CONVERSION = YES;
				CLANG_WARN_OBJC_IMPLICIT_RETAIN_SELF = YES;
				CLANG_WARN_OBJC_LITERAL_CONVERSION = YES;
				CLANG_WARN_OBJC_ROOT_CLASS = YES_ERROR;
				CLANG_WARN_RANGE_LOOP_ANALYSIS = YES;
				CLANG_WARN_STRICT_PROTOTYPES = YES;
				CLANG_WARN_SUSPICIOUS_MOVE = YES;
				CLANG_WARN_UNGUARDED_AVAILABILITY = YES_AGGRESSIVE;
				CLANG_WARN_UNREACHABLE_CODE = YES;
				CLANG_WARN__DUPLICATE_METHOD_MATCH = YES;
				COPY_PHASE_STRIP = NO;
				DEBUG_INFORMATION_FORMAT = dwarf;
				ENABLE_STRICT_OBJC_MSGSEND = YES;
				ENABLE_TESTABILITY = YES;
				GCC_C_LANGUAGE_STANDARD = gnu11;
				GCC_DYNAMIC_NO_PIC = NO;
				GCC_NO_COMMON_BLOCKS = YES;
				GCC_OPTIMIZATION_LEVEL = 0;
				GCC_PREPROCESSOR_DEFINITIONS = (
					"DEBUG=1",
					"$(inherited)",
				);
				GCC_WARN_64_TO_32_BIT_CONVERSION = YES;
				GCC_WARN_ABOUT_RETURN_TYPE = YES_ERROR;
				GCC_WARN_UNDECLARED_SELECTOR = YES;
				GCC_WARN_UNINITIALIZED_AUTOS = YES_AGGRESSIVE;
				GCC_WARN_UNUSED_FUNCTION = YES;
				GCC_WARN_UNUSED_VARIABLE = YES;
				IPHONEOS_DEPLOYMENT_TARGET = 13.2;
				MTL_ENABLE_DEBUG_INFO = INCLUDE_SOURCE;
				MTL_FAST_MATH = YES;
				ONLY_ACTIVE_ARCH = YES;
				SDKROOT = iphoneos;
				SWIFT_ACTIVE_COMPILATION_CONDITIONS = DEBUG;
				SWIFT_OPTIMIZATION_LEVEL = "-Onone";
			};
			name = Debug;
		};
		DB20C8812450173D00B25AA0 /* Release */ = {
			isa = XCBuildConfiguration;
			buildSettings = {
				ALWAYS_SEARCH_USER_PATHS = NO;
				CLANG_ANALYZER_NONNULL = YES;
				CLANG_ANALYZER_NUMBER_OBJECT_CONVERSION = YES_AGGRESSIVE;
				CLANG_CXX_LANGUAGE_STANDARD = "gnu++14";
				CLANG_CXX_LIBRARY = "libc++";
				CLANG_ENABLE_MODULES = YES;
				CLANG_ENABLE_OBJC_ARC = YES;
				CLANG_ENABLE_OBJC_WEAK = YES;
				CLANG_WARN_BLOCK_CAPTURE_AUTORELEASING = YES;
				CLANG_WARN_BOOL_CONVERSION = YES;
				CLANG_WARN_COMMA = YES;
				CLANG_WARN_CONSTANT_CONVERSION = YES;
				CLANG_WARN_DEPRECATED_OBJC_IMPLEMENTATIONS = YES;
				CLANG_WARN_DIRECT_OBJC_ISA_USAGE = YES_ERROR;
				CLANG_WARN_DOCUMENTATION_COMMENTS = YES;
				CLANG_WARN_EMPTY_BODY = YES;
				CLANG_WARN_ENUM_CONVERSION = YES;
				CLANG_WARN_INFINITE_RECURSION = YES;
				CLANG_WARN_INT_CONVERSION = YES;
				CLANG_WARN_NON_LITERAL_NULL_CONVERSION = YES;
				CLANG_WARN_OBJC_IMPLICIT_RETAIN_SELF = YES;
				CLANG_WARN_OBJC_LITERAL_CONVERSION = YES;
				CLANG_WARN_OBJC_ROOT_CLASS = YES_ERROR;
				CLANG_WARN_RANGE_LOOP_ANALYSIS = YES;
				CLANG_WARN_STRICT_PROTOTYPES = YES;
				CLANG_WARN_SUSPICIOUS_MOVE = YES;
				CLANG_WARN_UNGUARDED_AVAILABILITY = YES_AGGRESSIVE;
				CLANG_WARN_UNREACHABLE_CODE = YES;
				CLANG_WARN__DUPLICATE_METHOD_MATCH = YES;
				COPY_PHASE_STRIP = NO;
				DEBUG_INFORMATION_FORMAT = "dwarf-with-dsym";
				ENABLE_NS_ASSERTIONS = NO;
				ENABLE_STRICT_OBJC_MSGSEND = YES;
				GCC_C_LANGUAGE_STANDARD = gnu11;
				GCC_NO_COMMON_BLOCKS = YES;
				GCC_WARN_64_TO_32_BIT_CONVERSION = YES;
				GCC_WARN_ABOUT_RETURN_TYPE = YES_ERROR;
				GCC_WARN_UNDECLARED_SELECTOR = YES;
				GCC_WARN_UNINITIALIZED_AUTOS = YES_AGGRESSIVE;
				GCC_WARN_UNUSED_FUNCTION = YES;
				GCC_WARN_UNUSED_VARIABLE = YES;
				IPHONEOS_DEPLOYMENT_TARGET = 13.2;
				MTL_ENABLE_DEBUG_INFO = NO;
				MTL_FAST_MATH = YES;
				SDKROOT = iphoneos;
				SWIFT_COMPILATION_MODE = wholemodule;
				SWIFT_OPTIMIZATION_LEVEL = "-O";
				VALIDATE_PRODUCT = YES;
			};
			name = Release;
		};
		DB20C8832450173D00B25AA0 /* Debug */ = {
			isa = XCBuildConfiguration;
			buildSettings = {
				ASSETCATALOG_COMPILER_APPICON_NAME = AppIcon;
				CODE_SIGN_STYLE = Automatic;
				DEVELOPMENT_TEAM = EWKZX8YTGG;
				INFOPLIST_FILE = DataWithFile/Info.plist;
				LD_RUNPATH_SEARCH_PATHS = (
					"$(inherited)",
					"@executable_path/Frameworks",
				);
				PRODUCT_BUNDLE_IDENTIFIER = mac23.DataWithFile;
				PRODUCT_NAME = "$(TARGET_NAME)";
				SWIFT_VERSION = 5.0;
				TARGETED_DEVICE_FAMILY = "1,2";
			};
			name = Debug;
		};
		DB20C8842450173D00B25AA0 /* Release */ = {
			isa = XCBuildConfiguration;
			buildSettings = {
				ASSETCATALOG_COMPILER_APPICON_NAME = AppIcon;
				CODE_SIGN_STYLE = Automatic;
				DEVELOPMENT_TEAM = EWKZX8YTGG;
				INFOPLIST_FILE = DataWithFile/Info.plist;
				LD_RUNPATH_SEARCH_PATHS = (
					"$(inherited)",
					"@executable_path/Frameworks",
				);
				PRODUCT_BUNDLE_IDENTIFIER = mac23.DataWithFile;
				PRODUCT_NAME = "$(TARGET_NAME)";
				SWIFT_VERSION = 5.0;
				TARGETED_DEVICE_FAMILY = "1,2";
			};
			name = Release;
		};
/* End XCBuildConfiguration section */

/* Begin XCConfigurationList section */
		DB20C8692450173C00B25AA0 /* Build configuration list for PBXProject "DataWithFile" */ = {
			isa = XCConfigurationList;
			buildConfigurations = (
				DB20C8802450173D00B25AA0 /* Debug */,
				DB20C8812450173D00B25AA0 /* Release */,
			);
			defaultConfigurationIsVisible = 0;
			defaultConfigurationName = Release;
		};
		DB20C8822450173D00B25AA0 /* Build configuration list for PBXNativeTarget "DataWithFile" */ = {
			isa = XCConfigurationList;
			buildConfigurations = (
				DB20C8832450173D00B25AA0 /* Debug */,
				DB20C8842450173D00B25AA0 /* Release */,
			);
			defaultConfigurationIsVisible = 0;
			defaultConfigurationName = Release;
		};
/* End XCConfigurationList section */
	};
	rootObject = DB20C8662450173C00B25AA0 /* Project object */;
}
