// !$*UTF8*$!
{
	archiveVersion = 1;
	classes = {
	};
	objectVersion = 50;
	objects = {

/* Begin PBXBuildFile section */
		DBA0EB3D242B272C00032C5B /* AppDelegate.swift in Sources */ = {isa = PBXBuildFile; fileRef = DBA0EB3C242B272C00032C5B /* AppDelegate.swift */; };
		DBA0EB3F242B272C00032C5B /* SceneDelegate.swift in Sources */ = {isa = PBXBuildFile; fileRef = DBA0EB3E242B272C00032C5B /* SceneDelegate.swift */; };
		DBA0EB41242B272C00032C5B /* ViewController.swift in Sources */ = {isa = PBXBuildFile; fileRef = DBA0EB40242B272C00032C5B /* ViewController.swift */; };
		DBA0EB44242B272C00032C5B /* Main.storyboard in Resources */ = {isa = PBXBuildFile; fileRef = DBA0EB42242B272C00032C5B /* Main.storyboard */; };
		DBA0EB46242B272D00032C5B /* Assets.xcassets in Resources */ = {isa = PBXBuildFile; fileRef = DBA0EB45242B272D00032C5B /* Assets.xcassets */; };
		DBA0EB49242B272D00032C5B /* LaunchScreen.storyboard in Resources */ = {isa = PBXBuildFile; fileRef = DBA0EB47242B272D00032C5B /* LaunchScreen.storyboard */; };
		DBA0EB54242B272D00032C5B /* tableViewTests.swift in Sources */ = {isa = PBXBuildFile; fileRef = DBA0EB53242B272D00032C5B /* tableViewTests.swift */; };
		DBA0EB5F242B272D00032C5B /* tableViewUITests.swift in Sources */ = {isa = PBXBuildFile; fileRef = DBA0EB5E242B272D00032C5B /* tableViewUITests.swift */; };
/* End PBXBuildFile section */

/* Begin PBXContainerItemProxy section */
		DBA0EB50242B272D00032C5B /* PBXContainerItemProxy */ = {
			isa = PBXContainerItemProxy;
			containerPortal = DBA0EB31242B272C00032C5B /* Project object */;
			proxyType = 1;
			remoteGlobalIDString = DBA0EB38242B272C00032C5B;
			remoteInfo = tableView;
		};
		DBA0EB5B242B272D00032C5B /* PBXContainerItemProxy */ = {
			isa = PBXContainerItemProxy;
			containerPortal = DBA0EB31242B272C00032C5B /* Project object */;
			proxyType = 1;
			remoteGlobalIDString = DBA0EB38242B272C00032C5B;
			remoteInfo = tableView;
		};
/* End PBXContainerItemProxy section */

/* Begin PBXFileReference section */
		DBA0EB39242B272C00032C5B /* tableView.app */ = {isa = PBXFileReference; explicitFileType = wrapper.application; includeInIndex = 0; path = tableView.app; sourceTree = BUILT_PRODUCTS_DIR; };
		DBA0EB3C242B272C00032C5B /* AppDelegate.swift */ = {isa = PBXFileReference; lastKnownFileType = sourcecode.swift; path = AppDelegate.swift; sourceTree = "<group>"; };
		DBA0EB3E242B272C00032C5B /* SceneDelegate.swift */ = {isa = PBXFileReference; lastKnownFileType = sourcecode.swift; path = SceneDelegate.swift; sourceTree = "<group>"; };
		DBA0EB40242B272C00032C5B /* ViewController.swift */ = {isa = PBXFileReference; lastKnownFileType = sourcecode.swift; path = ViewController.swift; sourceTree = "<group>"; };
		DBA0EB43242B272C00032C5B /* Base */ = {isa = PBXFileReference; lastKnownFileType = file.storyboard; name = Base; path = Base.lproj/Main.storyboard; sourceTree = "<group>"; };
		DBA0EB45242B272D00032C5B /* Assets.xcassets */ = {isa = PBXFileReference; lastKnownFileType = folder.assetcatalog; path = Assets.xcassets; sourceTree = "<group>"; };
		DBA0EB48242B272D00032C5B /* Base */ = {isa = PBXFileReference; lastKnownFileType = file.storyboard; name = Base; path = Base.lproj/LaunchScreen.storyboard; sourceTree = "<group>"; };
		DBA0EB4A242B272D00032C5B /* Info.plist */ = {isa = PBXFileReference; lastKnownFileType = text.plist.xml; path = Info.plist; sourceTree = "<group>"; };
		DBA0EB4F242B272D00032C5B /* tableViewTests.xctest */ = {isa = PBXFileReference; explicitFileType = wrapper.cfbundle; includeInIndex = 0; path = tableViewTests.xctest; sourceTree = BUILT_PRODUCTS_DIR; };
		DBA0EB53242B272D00032C5B /* tableViewTests.swift */ = {isa = PBXFileReference; lastKnownFileType = sourcecode.swift; path = tableViewTests.swift; sourceTree = "<group>"; };
		DBA0EB55242B272D00032C5B /* Info.plist */ = {isa = PBXFileReference; lastKnownFileType = text.plist.xml; path = Info.plist; sourceTree = "<group>"; };
		DBA0EB5A242B272D00032C5B /* tableViewUITests.xctest */ = {isa = PBXFileReference; explicitFileType = wrapper.cfbundle; includeInIndex = 0; path = tableViewUITests.xctest; sourceTree = BUILT_PRODUCTS_DIR; };
		DBA0EB5E242B272D00032C5B /* tableViewUITests.swift */ = {isa = PBXFileReference; lastKnownFileType = sourcecode.swift; path = tableViewUITests.swift; sourceTree = "<group>"; };
		DBA0EB60242B272D00032C5B /* Info.plist */ = {isa = PBXFileReference; lastKnownFileType = text.plist.xml; path = Info.plist; sourceTree = "<group>"; };
/* End PBXFileReference section */

/* Begin PBXFrameworksBuildPhase section */
		DBA0EB36242B272C00032C5B /* Frameworks */ = {
			isa = PBXFrameworksBuildPhase;
			buildActionMask = 2147483647;
			files = (
			);
			runOnlyForDeploymentPostprocessing = 0;
		};
		DBA0EB4C242B272D00032C5B /* Frameworks */ = {
			isa = PBXFrameworksBuildPhase;
			buildActionMask = 2147483647;
			files = (
			);
			runOnlyForDeploymentPostprocessing = 0;
		};
		DBA0EB57242B272D00032C5B /* Frameworks */ = {
			isa = PBXFrameworksBuildPhase;
			buildActionMask = 2147483647;
			files = (
			);
			runOnlyForDeploymentPostprocessing = 0;
		};
/* End PBXFrameworksBuildPhase section */

/* Begin PBXGroup section */
		DBA0EB30242B272C00032C5B = {
			isa = PBXGroup;
			children = (
				DBA0EB3B242B272C00032C5B /* tableView */,
				DBA0EB52242B272D00032C5B /* tableViewTests */,
				DBA0EB5D242B272D00032C5B /* tableViewUITests */,
				DBA0EB3A242B272C00032C5B /* Products */,
			);
			sourceTree = "<group>";
		};
		DBA0EB3A242B272C00032C5B /* Products */ = {
			isa = PBXGroup;
			children = (
				DBA0EB39242B272C00032C5B /* tableView.app */,
				DBA0EB4F242B272D00032C5B /* tableViewTests.xctest */,
				DBA0EB5A242B272D00032C5B /* tableViewUITests.xctest */,
			);
			name = Products;
			sourceTree = "<group>";
		};
		DBA0EB3B242B272C00032C5B /* tableView */ = {
			isa = PBXGroup;
			children = (
				DBA0EB3C242B272C00032C5B /* AppDelegate.swift */,
				DBA0EB3E242B272C00032C5B /* SceneDelegate.swift */,
				DBA0EB40242B272C00032C5B /* ViewController.swift */,
				DBA0EB42242B272C00032C5B /* Main.storyboard */,
				DBA0EB45242B272D00032C5B /* Assets.xcassets */,
				DBA0EB47242B272D00032C5B /* LaunchScreen.storyboard */,
				DBA0EB4A242B272D00032C5B /* Info.plist */,
			);
			path = tableView;
			sourceTree = "<group>";
		};
		DBA0EB52242B272D00032C5B /* tableViewTests */ = {
			isa = PBXGroup;
			children = (
				DBA0EB53242B272D00032C5B /* tableViewTests.swift */,
				DBA0EB55242B272D00032C5B /* Info.plist */,
			);
			path = tableViewTests;
			sourceTree = "<group>";
		};
		DBA0EB5D242B272D00032C5B /* tableViewUITests */ = {
			isa = PBXGroup;
			children = (
				DBA0EB5E242B272D00032C5B /* tableViewUITests.swift */,
				DBA0EB60242B272D00032C5B /* Info.plist */,
			);
			path = tableViewUITests;
			sourceTree = "<group>";
		};
/* End PBXGroup section */

/* Begin PBXNativeTarget section */
		DBA0EB38242B272C00032C5B /* tableView */ = {
			isa = PBXNativeTarget;
			buildConfigurationList = DBA0EB63242B272D00032C5B /* Build configuration list for PBXNativeTarget "tableView" */;
			buildPhases = (
				DBA0EB35242B272C00032C5B /* Sources */,
				DBA0EB36242B272C00032C5B /* Frameworks */,
				DBA0EB37242B272C00032C5B /* Resources */,
			);
			buildRules = (
			);
			dependencies = (
			);
			name = tableView;
			productName = tableView;
			productReference = DBA0EB39242B272C00032C5B /* tableView.app */;
			productType = "com.apple.product-type.application";
		};
		DBA0EB4E242B272D00032C5B /* tableViewTests */ = {
			isa = PBXNativeTarget;
			buildConfigurationList = DBA0EB66242B272D00032C5B /* Build configuration list for PBXNativeTarget "tableViewTests" */;
			buildPhases = (
				DBA0EB4B242B272D00032C5B /* Sources */,
				DBA0EB4C242B272D00032C5B /* Frameworks */,
				DBA0EB4D242B272D00032C5B /* Resources */,
			);
			buildRules = (
			);
			dependencies = (
				DBA0EB51242B272D00032C5B /* PBXTargetDependency */,
			);
			name = tableViewTests;
			productName = tableViewTests;
			productReference = DBA0EB4F242B272D00032C5B /* tableViewTests.xctest */;
			productType = "com.apple.product-type.bundle.unit-test";
		};
		DBA0EB59242B272D00032C5B /* tableViewUITests */ = {
			isa = PBXNativeTarget;
			buildConfigurationList = DBA0EB69242B272D00032C5B /* Build configuration list for PBXNativeTarget "tableViewUITests" */;
			buildPhases = (
				DBA0EB56242B272D00032C5B /* Sources */,
				DBA0EB57242B272D00032C5B /* Frameworks */,
				DBA0EB58242B272D00032C5B /* Resources */,
			);
			buildRules = (
			);
			dependencies = (
				DBA0EB5C242B272D00032C5B /* PBXTargetDependency */,
			);
			name = tableViewUITests;
			productName = tableViewUITests;
			productReference = DBA0EB5A242B272D00032C5B /* tableViewUITests.xctest */;
			productType = "com.apple.product-type.bundle.ui-testing";
		};
/* End PBXNativeTarget section */

/* Begin PBXProject section */
		DBA0EB31242B272C00032C5B /* Project object */ = {
			isa = PBXProject;
			attributes = {
				LastSwiftUpdateCheck = 1130;
				LastUpgradeCheck = 1130;
				ORGANIZATIONNAME = mac23;
				TargetAttributes = {
					DBA0EB38242B272C00032C5B = {
						CreatedOnToolsVersion = 11.3.1;
					};
					DBA0EB4E242B272D00032C5B = {
						CreatedOnToolsVersion = 11.3.1;
						TestTargetID = DBA0EB38242B272C00032C5B;
					};
					DBA0EB59242B272D00032C5B = {
						CreatedOnToolsVersion = 11.3.1;
						TestTargetID = DBA0EB38242B272C00032C5B;
					};
				};
			};
			buildConfigurationList = DBA0EB34242B272C00032C5B /* Build configuration list for PBXProject "tableView" */;
			compatibilityVersion = "Xcode 9.3";
			developmentRegion = en;
			hasScannedForEncodings = 0;
			knownRegions = (
				en,
				Base,
			);
			mainGroup = DBA0EB30242B272C00032C5B;
			productRefGroup = DBA0EB3A242B272C00032C5B /* Products */;
			projectDirPath = "";
			projectRoot = "";
			targets = (
				DBA0EB38242B272C00032C5B /* tableView */,
				DBA0EB4E242B272D00032C5B /* tableViewTests */,
				DBA0EB59242B272D00032C5B /* tableViewUITests */,
			);
		};
/* End PBXProject section */

/* Begin PBXResourcesBuildPhase section */
		DBA0EB37242B272C00032C5B /* Resources */ = {
			isa = PBXResourcesBuildPhase;
			buildActionMask = 2147483647;
			files = (
				DBA0EB49242B272D00032C5B /* LaunchScreen.storyboard in Resources */,
				DBA0EB46242B272D00032C5B /* Assets.xcassets in Resources */,
				DBA0EB44242B272C00032C5B /* Main.storyboard in Resources */,
			);
			runOnlyForDeploymentPostprocessing = 0;
		};
		DBA0EB4D242B272D00032C5B /* Resources */ = {
			isa = PBXResourcesBuildPhase;
			buildActionMask = 2147483647;
			files = (
			);
			runOnlyForDeploymentPostprocessing = 0;
		};
		DBA0EB58242B272D00032C5B /* Resources */ = {
			isa = PBXResourcesBuildPhase;
			buildActionMask = 2147483647;
			files = (
			);
			runOnlyForDeploymentPostprocessing = 0;
		};
/* End PBXResourcesBuildPhase section */

/* Begin PBXSourcesBuildPhase section */
		DBA0EB35242B272C00032C5B /* Sources */ = {
			isa = PBXSourcesBuildPhase;
			buildActionMask = 2147483647;
			files = (
				DBA0EB41242B272C00032C5B /* ViewController.swift in Sources */,
				DBA0EB3D242B272C00032C5B /* AppDelegate.swift in Sources */,
				DBA0EB3F242B272C00032C5B /* SceneDelegate.swift in Sources */,
			);
			runOnlyForDeploymentPostprocessing = 0;
		};
		DBA0EB4B242B272D00032C5B /* Sources */ = {
			isa = PBXSourcesBuildPhase;
			buildActionMask = 2147483647;
			files = (
				DBA0EB54242B272D00032C5B /* tableViewTests.swift in Sources */,
			);
			runOnlyForDeploymentPostprocessing = 0;
		};
		DBA0EB56242B272D00032C5B /* Sources */ = {
			isa = PBXSourcesBuildPhase;
			buildActionMask = 2147483647;
			files = (
				DBA0EB5F242B272D00032C5B /* tableViewUITests.swift in Sources */,
			);
			runOnlyForDeploymentPostprocessing = 0;
		};
/* End PBXSourcesBuildPhase section */

/* Begin PBXTargetDependency section */
		DBA0EB51242B272D00032C5B /* PBXTargetDependency */ = {
			isa = PBXTargetDependency;
			target = DBA0EB38242B272C00032C5B /* tableView */;
			targetProxy = DBA0EB50242B272D00032C5B /* PBXContainerItemProxy */;
		};
		DBA0EB5C242B272D00032C5B /* PBXTargetDependency */ = {
			isa = PBXTargetDependency;
			target = DBA0EB38242B272C00032C5B /* tableView */;
			targetProxy = DBA0EB5B242B272D00032C5B /* PBXContainerItemProxy */;
		};
/* End PBXTargetDependency section */

/* Begin PBXVariantGroup section */
		DBA0EB42242B272C00032C5B /* Main.storyboard */ = {
			isa = PBXVariantGroup;
			children = (
				DBA0EB43242B272C00032C5B /* Base */,
			);
			name = Main.storyboard;
			sourceTree = "<group>";
		};
		DBA0EB47242B272D00032C5B /* LaunchScreen.storyboard */ = {
			isa = PBXVariantGroup;
			children = (
				DBA0EB48242B272D00032C5B /* Base */,
			);
			name = LaunchScreen.storyboard;
			sourceTree = "<group>";
		};
/* End PBXVariantGroup section */

/* Begin XCBuildConfiguration section */
		DBA0EB61242B272D00032C5B /* Debug */ = {
			isa = XCBuildConfiguration;
			buildSettings = {
				ALWAYS_SEARCH_USER_PATHS = NO;
				CLANG_ANALYZER_NONNULL = YES;
				CLANG_ANALYZER_NUMBER_OBJECT_CONVERSION = YES_AGGRESSIVE;
				CLANG_CXX_LANGUAGE_STANDARD = "gnu++14";
				CLANG_CXX_LIBRARY = "libc++";
				CLANG_ENABLE_MODULES = YES;
				CLANG_ENABLE_OBJC_ARC = YES;
				CLANG_ENABLE_OBJC_WEAK = YES;
				CLANG_WARN_BLOCK_CAPTURE_AUTORELEASING = YES;
				CLANG_WARN_BOOL_CONVERSION = YES;
				CLANG_WARN_COMMA = YES;
				CLANG_WARN_CONSTANT_CONVERSION = YES;
				CLANG_WARN_DEPRECATED_OBJC_IMPLEMENTATIONS = YES;
				CLANG_WARN_DIRECT_OBJC_ISA_USAGE = YES_ERROR;
				CLANG_WARN_DOCUMENTATION_COMMENTS = YES;
				CLANG_WARN_EMPTY_BODY = YES;
				CLANG_WARN_ENUM_CONVERSION = YES;
				CLANG_WARN_INFINITE_RECURSION = YES;
				CLANG_WARN_INT_CONVERSION = YES;
				CLANG_WARN_NON_LITERAL_NULL_CONVERSION = YES;
				CLANG_WARN_OBJC_IMPLICIT_RETAIN_SELF = YES;
				CLANG_WARN_OBJC_LITERAL_CONVERSION = YES;
				CLANG_WARN_OBJC_ROOT_CLASS = YES_ERROR;
				CLANG_WARN_RANGE_LOOP_ANALYSIS = YES;
				CLANG_WARN_STRICT_PROTOTYPES = YES;
				CLANG_WARN_SUSPICIOUS_MOVE = YES;
				CLANG_WARN_UNGUARDED_AVAILABILITY = YES_AGGRESSIVE;
				CLANG_WARN_UNREACHABLE_CODE = YES;
				CLANG_WARN__DUPLICATE_METHOD_MATCH = YES;
				COPY_PHASE_STRIP = NO;
				DEBUG_INFORMATION_FORMAT = dwarf;
				ENABLE_STRICT_OBJC_MSGSEND = YES;
				ENABLE_TESTABILITY = YES;
				GCC_C_LANGUAGE_STANDARD = gnu11;
				GCC_DYNAMIC_NO_PIC = NO;
				GCC_NO_COMMON_BLOCKS = YES;
				GCC_OPTIMIZATION_LEVEL = 0;
				GCC_PREPROCESSOR_DEFINITIONS = (
					"DEBUG=1",
					"$(inherited)",
				);
				GCC_WARN_64_TO_32_BIT_CONVERSION = YES;
				GCC_WARN_ABOUT_RETURN_TYPE = YES_ERROR;
				GCC_WARN_UNDECLARED_SELECTOR = YES;
				GCC_WARN_UNINITIALIZED_AUTOS = YES_AGGRESSIVE;
				GCC_WARN_UNUSED_FUNCTION = YES;
				GCC_WARN_UNUSED_VARIABLE = YES;
				IPHONEOS_DEPLOYMENT_TARGET = 13.2;
				MTL_ENABLE_DEBUG_INFO = INCLUDE_SOURCE;
				MTL_FAST_MATH = YES;
				ONLY_ACTIVE_ARCH = YES;
				SDKROOT = iphoneos;
				SWIFT_ACTIVE_COMPILATION_CONDITIONS = DEBUG;
				SWIFT_OPTIMIZATION_LEVEL = "-Onone";
			};
			name = Debug;
		};
		DBA0EB62242B272D00032C5B /* Release */ = {
			isa = XCBuildConfiguration;
			buildSettings = {
				ALWAYS_SEARCH_USER_PATHS = NO;
				CLANG_ANALYZER_NONNULL = YES;
				CLANG_ANALYZER_NUMBER_OBJECT_CONVERSION = YES_AGGRESSIVE;
				CLANG_CXX_LANGUAGE_STANDARD = "gnu++14";
				CLANG_CXX_LIBRARY = "libc++";
				CLANG_ENABLE_MODULES = YES;
				CLANG_ENABLE_OBJC_ARC = YES;
				CLANG_ENABLE_OBJC_WEAK = YES;
				CLANG_WARN_BLOCK_CAPTURE_AUTORELEASING = YES;
				CLANG_WARN_BOOL_CONVERSION = YES;
				CLANG_WARN_COMMA = YES;
				CLANG_WARN_CONSTANT_CONVERSION = YES;
				CLANG_WARN_DEPRECATED_OBJC_IMPLEMENTATIONS = YES;
				CLANG_WARN_DIRECT_OBJC_ISA_USAGE = YES_ERROR;
				CLANG_WARN_DOCUMENTATION_COMMENTS = YES;
				CLANG_WARN_EMPTY_BODY = YES;
				CLANG_WARN_ENUM_CONVERSION = YES;
				CLANG_WARN_INFINITE_RECURSION = YES;
				CLANG_WARN_INT_CONVERSION = YES;
				CLANG_WARN_NON_LITERAL_NULL_CONVERSION = YES;
				CLANG_WARN_OBJC_IMPLICIT_RETAIN_SELF = YES;
				CLANG_WARN_OBJC_LITERAL_CONVERSION = YES;
				CLANG_WARN_OBJC_ROOT_CLASS = YES_ERROR;
				CLANG_WARN_RANGE_LOOP_ANALYSIS = YES;
				CLANG_WARN_STRICT_PROTOTYPES = YES;
				CLANG_WARN_SUSPICIOUS_MOVE = YES;
				CLANG_WARN_UNGUARDED_AVAILABILITY = YES_AGGRESSIVE;
				CLANG_WARN_UNREACHABLE_CODE = YES;
				CLANG_WARN__DUPLICATE_METHOD_MATCH = YES;
				COPY_PHASE_STRIP = NO;
				DEBUG_INFORMATION_FORMAT = "dwarf-with-dsym";
				ENABLE_NS_ASSERTIONS = NO;
				ENABLE_STRICT_OBJC_MSGSEND = YES;
				GCC_C_LANGUAGE_STANDARD = gnu11;
				GCC_NO_COMMON_BLOCKS = YES;
				GCC_WARN_64_TO_32_BIT_CONVERSION = YES;
				GCC_WARN_ABOUT_RETURN_TYPE = YES_ERROR;
				GCC_WARN_UNDECLARED_SELECTOR = YES;
				GCC_WARN_UNINITIALIZED_AUTOS = YES_AGGRESSIVE;
				GCC_WARN_UNUSED_FUNCTION = YES;
				GCC_WARN_UNUSED_VARIABLE = YES;
				IPHONEOS_DEPLOYMENT_TARGET = 13.2;
				MTL_ENABLE_DEBUG_INFO = NO;
				MTL_FAST_MATH = YES;
				SDKROOT = iphoneos;
				SWIFT_COMPILATION_MODE = wholemodule;
				SWIFT_OPTIMIZATION_LEVEL = "-O";
				VALIDATE_PRODUCT = YES;
			};
			name = Release;
		};
		DBA0EB64242B272D00032C5B /* Debug */ = {
			isa = XCBuildConfiguration;
			buildSettings = {
				ASSETCATALOG_COMPILER_APPICON_NAME = AppIcon;
				CODE_SIGN_STYLE = Automatic;
				DEVELOPMENT_TEAM = EWKZX8YTGG;
				INFOPLIST_FILE = tableView/Info.plist;
				LD_RUNPATH_SEARCH_PATHS = (
					"$(inherited)",
					"@executable_path/Frameworks",
				);
				PRODUCT_BUNDLE_IDENTIFIER = mac23.tableView;
				PRODUCT_NAME = "$(TARGET_NAME)";
				SWIFT_VERSION = 5.0;
				TARGETED_DEVICE_FAMILY = "1,2";
			};
			name = Debug;
		};
		DBA0EB65242B272D00032C5B /* Release */ = {
			isa = XCBuildConfiguration;
			buildSettings = {
				ASSETCATALOG_COMPILER_APPICON_NAME = AppIcon;
				CODE_SIGN_STYLE = Automatic;
				DEVELOPMENT_TEAM = EWKZX8YTGG;
				INFOPLIST_FILE = tableView/Info.plist;
				LD_RUNPATH_SEARCH_PATHS = (
					"$(inherited)",
					"@executable_path/Frameworks",
				);
				PRODUCT_BUNDLE_IDENTIFIER = mac23.tableView;
				PRODUCT_NAME = "$(TARGET_NAME)";
				SWIFT_VERSION = 5.0;
				TARGETED_DEVICE_FAMILY = "1,2";
			};
			name = Release;
		};
		DBA0EB67242B272D00032C5B /* Debug */ = {
			isa = XCBuildConfiguration;
			buildSettings = {
				ALWAYS_EMBED_SWIFT_STANDARD_LIBRARIES = YES;
				BUNDLE_LOADER = "$(TEST_HOST)";
				CODE_SIGN_STYLE = Automatic;
				DEVELOPMENT_TEAM = EWKZX8YTGG;
				INFOPLIST_FILE = tableViewTests/Info.plist;
				IPHONEOS_DEPLOYMENT_TARGET = 13.2;
				LD_RUNPATH_SEARCH_PATHS = (
					"$(inherited)",
					"@executable_path/Frameworks",
					"@loader_path/Frameworks",
				);
				PRODUCT_BUNDLE_IDENTIFIER = mac23.tableViewTests;
				PRODUCT_NAME = "$(TARGET_NAME)";
				SWIFT_VERSION = 5.0;
				TARGETED_DEVICE_FAMILY = "1,2";
				TEST_HOST = "$(BUILT_PRODUCTS_DIR)/tableView.app/tableView";
			};
			name = Debug;
		};
		DBA0EB68242B272D00032C5B /* Release */ = {
			isa = XCBuildConfiguration;
			buildSettings = {
				ALWAYS_EMBED_SWIFT_STANDARD_LIBRARIES = YES;
				BUNDLE_LOADER = "$(TEST_HOST)";
				CODE_SIGN_STYLE = Automatic;
				DEVELOPMENT_TEAM = EWKZX8YTGG;
				INFOPLIST_FILE = tableViewTests/Info.plist;
				IPHONEOS_DEPLOYMENT_TARGET = 13.2;
				LD_RUNPATH_SEARCH_PATHS = (
					"$(inherited)",
					"@executable_path/Frameworks",
					"@loader_path/Frameworks",
				);
				PRODUCT_BUNDLE_IDENTIFIER = mac23.tableViewTests;
				PRODUCT_NAME = "$(TARGET_NAME)";
				SWIFT_VERSION = 5.0;
				TARGETED_DEVICE_FAMILY = "1,2";
				TEST_HOST = "$(BUILT_PRODUCTS_DIR)/tableView.app/tableView";
			};
			name = Release;
		};
		DBA0EB6A242B272D00032C5B /* Debug */ = {
			isa = XCBuildConfiguration;
			buildSettings = {
				ALWAYS_EMBED_SWIFT_STANDARD_LIBRARIES = YES;
				CODE_SIGN_STYLE = Automatic;
				DEVELOPMENT_TEAM = EWKZX8YTGG;
				INFOPLIST_FILE = tableViewUITests/Info.plist;
				LD_RUNPATH_SEARCH_PATHS = (
					"$(inherited)",
					"@executable_path/Frameworks",
					"@loader_path/Frameworks",
				);
				PRODUCT_BUNDLE_IDENTIFIER = mac23.tableViewUITests;
				PRODUCT_NAME = "$(TARGET_NAME)";
				SWIFT_VERSION = 5.0;
				TARGETED_DEVICE_FAMILY = "1,2";
				TEST_TARGET_NAME = tableView;
			};
			name = Debug;
		};
		DBA0EB6B242B272D00032C5B /* Release */ = {
			isa = XCBuildConfiguration;
			buildSettings = {
				ALWAYS_EMBED_SWIFT_STANDARD_LIBRARIES = YES;
				CODE_SIGN_STYLE = Automatic;
				DEVELOPMENT_TEAM = EWKZX8YTGG;
				INFOPLIST_FILE = tableViewUITests/Info.plist;
				LD_RUNPATH_SEARCH_PATHS = (
					"$(inherited)",
					"@executable_path/Frameworks",
					"@loader_path/Frameworks",
				);
				PRODUCT_BUNDLE_IDENTIFIER = mac23.tableViewUITests;
				PRODUCT_NAME = "$(TARGET_NAME)";
				SWIFT_VERSION = 5.0;
				TARGETED_DEVICE_FAMILY = "1,2";
				TEST_TARGET_NAME = tableView;
			};
			name = Release;
		};
/* End XCBuildConfiguration section */

/* Begin XCConfigurationList section */
		DBA0EB34242B272C00032C5B /* Build configuration list for PBXProject "tableView" */ = {
			isa = XCConfigurationList;
			buildConfigurations = (
				DBA0EB61242B272D00032C5B /* Debug */,
				DBA0EB62242B272D00032C5B /* Release */,
			);
			defaultConfigurationIsVisible = 0;
			defaultConfigurationName = Release;
		};
		DBA0EB63242B272D00032C5B /* Build configuration list for PBXNativeTarget "tableView" */ = {
			isa = XCConfigurationList;
			buildConfigurations = (
				DBA0EB64242B272D00032C5B /* Debug */,
				DBA0EB65242B272D00032C5B /* Release */,
			);
			defaultConfigurationIsVisible = 0;
			defaultConfigurationName = Release;
		};
		DBA0EB66242B272D00032C5B /* Build configuration list for PBXNativeTarget "tableViewTests" */ = {
			isa = XCConfigurationList;
			buildConfigurations = (
				DBA0EB67242B272D00032C5B /* Debug */,
				DBA0EB68242B272D00032C5B /* Release */,
			);
			defaultConfigurationIsVisible = 0;
			defaultConfigurationName = Release;
		};
		DBA0EB69242B272D00032C5B /* Build configuration list for PBXNativeTarget "tableViewUITests" */ = {
			isa = XCConfigurationList;
			buildConfigurations = (
				DBA0EB6A242B272D00032C5B /* Debug */,
				DBA0EB6B242B272D00032C5B /* Release */,
			);
			defaultConfigurationIsVisible = 0;
			defaultConfigurationName = Release;
		};
/* End XCConfigurationList section */
	};
	rootObject = DBA0EB31242B272C00032C5B /* Project object */;
}
